// !$*UTF8*$!
{
	archiveVersion = 1;
	classes = {
	};
	objectVersion = 55;
	objects = {

/* Begin PBXBuildFile section */
		AF6197CF289DB51000C89B1E /* AppDelegate.swift in Sources */ = {isa = PBXBuildFile; fileRef = AF6197CE289DB51000C89B1E /* AppDelegate.swift */; };
		AF6197D1289DB51000C89B1E /* SceneDelegate.swift in Sources */ = {isa = PBXBuildFile; fileRef = AF6197D0289DB51000C89B1E /* SceneDelegate.swift */; };
		AF6197D3289DB51000C89B1E /* ViewController.swift in Sources */ = {isa = PBXBuildFile; fileRef = AF6197D2289DB51000C89B1E /* ViewController.swift */; };
		AF6197D6289DB51000C89B1E /* Main.storyboard in Resources */ = {isa = PBXBuildFile; fileRef = AF6197D4289DB51000C89B1E /* Main.storyboard */; };
		AF6197D8289DB51100C89B1E /* Assets.xcassets in Resources */ = {isa = PBXBuildFile; fileRef = AF6197D7289DB51100C89B1E /* Assets.xcassets */; };
		AF6197DB289DB51100C89B1E /* LaunchScreen.storyboard in Resources */ = {isa = PBXBuildFile; fileRef = AF6197D9289DB51100C89B1E /* LaunchScreen.storyboard */; };
		AF6197E6289DB51200C89B1E /* LoadViewControllerTestsTests.swift in Sources */ = {isa = PBXBuildFile; fileRef = AF6197E5289DB51200C89B1E /* LoadViewControllerTestsTests.swift */; };
		AF6197FF289DB52400C89B1E /* main.swift in Sources */ = {isa = PBXBuildFile; fileRef = AF6197FE289DB52400C89B1E /* main.swift */; };
		AF619801289DB55F00C89B1E /* TestingAppDelegate.swift in Sources */ = {isa = PBXBuildFile; fileRef = AF619800289DB55F00C89B1E /* TestingAppDelegate.swift */; };
		AF619803289DC82A00C89B1E /* CodeBasedViewController.swift in Sources */ = {isa = PBXBuildFile; fileRef = AF619802289DC82A00C89B1E /* CodeBasedViewController.swift */; };
/* End PBXBuildFile section */

/* Begin PBXContainerItemProxy section */
		AF6197E2289DB51100C89B1E /* PBXContainerItemProxy */ = {
			isa = PBXContainerItemProxy;
			containerPortal = AF6197C3289DB51000C89B1E /* Project object */;
			proxyType = 1;
			remoteGlobalIDString = AF6197CA289DB51000C89B1E;
			remoteInfo = LoadViewControllerTests;
		};
/* End PBXContainerItemProxy section */

/* Begin PBXFileReference section */
		AF6197CB289DB51000C89B1E /* LoadViewControllerTests.app */ = {isa = PBXFileReference; explicitFileType = wrapper.application; includeInIndex = 0; path = LoadViewControllerTests.app; sourceTree = BUILT_PRODUCTS_DIR; };
		AF6197CE289DB51000C89B1E /* AppDelegate.swift */ = {isa = PBXFileReference; lastKnownFileType = sourcecode.swift; path = AppDelegate.swift; sourceTree = "<group>"; };
		AF6197D0289DB51000C89B1E /* SceneDelegate.swift */ = {isa = PBXFileReference; lastKnownFileType = sourcecode.swift; path = SceneDelegate.swift; sourceTree = "<group>"; };
		AF6197D2289DB51000C89B1E /* ViewController.swift */ = {isa = PBXFileReference; lastKnownFileType = sourcecode.swift; path = ViewController.swift; sourceTree = "<group>"; };
		AF6197D5289DB51000C89B1E /* Base */ = {isa = PBXFileReference; lastKnownFileType = file.storyboard; name = Base; path = Base.lproj/Main.storyboard; sourceTree = "<group>"; };
		AF6197D7289DB51100C89B1E /* Assets.xcassets */ = {isa = PBXFileReference; lastKnownFileType = folder.assetcatalog; path = Assets.xcassets; sourceTree = "<group>"; };
		AF6197DA289DB51100C89B1E /* Base */ = {isa = PBXFileReference; lastKnownFileType = file.storyboard; name = Base; path = Base.lproj/LaunchScreen.storyboard; sourceTree = "<group>"; };
		AF6197DC289DB51100C89B1E /* Info.plist */ = {isa = PBXFileReference; lastKnownFileType = text.plist.xml; path = Info.plist; sourceTree = "<group>"; };
		AF6197E1289DB51100C89B1E /* LoadViewControllerTestsTests.xctest */ = {isa = PBXFileReference; explicitFileType = wrapper.cfbundle; includeInIndex = 0; path = LoadViewControllerTestsTests.xctest; sourceTree = BUILT_PRODUCTS_DIR; };
		AF6197E5289DB51200C89B1E /* LoadViewControllerTestsTests.swift */ = {isa = PBXFileReference; lastKnownFileType = sourcecode.swift; path = LoadViewControllerTestsTests.swift; sourceTree = "<group>"; };
		AF6197FE289DB52400C89B1E /* main.swift */ = {isa = PBXFileReference; lastKnownFileType = sourcecode.swift; path = main.swift; sourceTree = "<group>"; };
		AF619800289DB55F00C89B1E /* TestingAppDelegate.swift */ = {isa = PBXFileReference; lastKnownFileType = sourcecode.swift; path = TestingAppDelegate.swift; sourceTree = "<group>"; };
		AF619802289DC82A00C89B1E /* CodeBasedViewController.swift */ = {isa = PBXFileReference; lastKnownFileType = sourcecode.swift; path = CodeBasedViewController.swift; sourceTree = "<group>"; };
/* End PBXFileReference section */

/* Begin PBXFrameworksBuildPhase section */
		AF6197C8289DB51000C89B1E /* Frameworks */ = {
			isa = PBXFrameworksBuildPhase;
			buildActionMask = 2147483647;
			files = (
			);
			runOnlyForDeploymentPostprocessing = 0;
		};
		AF6197DE289DB51100C89B1E /* Frameworks */ = {
			isa = PBXFrameworksBuildPhase;
			buildActionMask = 2147483647;
			files = (
			);
			runOnlyForDeploymentPostprocessing = 0;
		};
/* End PBXFrameworksBuildPhase section */

/* Begin PBXGroup section */
		AF6197C2289DB51000C89B1E = {
			isa = PBXGroup;
			children = (
				AF6197CD289DB51000C89B1E /* LoadViewControllerTests */,
				AF6197E4289DB51200C89B1E /* LoadViewControllerTestsTests */,
				AF6197CC289DB51000C89B1E /* Products */,
			);
			sourceTree = "<group>";
		};
		AF6197CC289DB51000C89B1E /* Products */ = {
			isa = PBXGroup;
			children = (
				AF6197CB289DB51000C89B1E /* LoadViewControllerTests.app */,
				AF6197E1289DB51100C89B1E /* LoadViewControllerTestsTests.xctest */,
			);
			name = Products;
			sourceTree = "<group>";
		};
		AF6197CD289DB51000C89B1E /* LoadViewControllerTests */ = {
			isa = PBXGroup;
			children = (
				AF6197CE289DB51000C89B1E /* AppDelegate.swift */,
				AF6197D0289DB51000C89B1E /* SceneDelegate.swift */,
				AF6197D2289DB51000C89B1E /* ViewController.swift */,
				AF6197D4289DB51000C89B1E /* Main.storyboard */,
				AF6197D7289DB51100C89B1E /* Assets.xcassets */,
				AF6197D9289DB51100C89B1E /* LaunchScreen.storyboard */,
				AF6197DC289DB51100C89B1E /* Info.plist */,
				AF6197FE289DB52400C89B1E /* main.swift */,
				AF619802289DC82A00C89B1E /* CodeBasedViewController.swift */,
			);
			path = LoadViewControllerTests;
			sourceTree = "<group>";
		};
		AF6197E4289DB51200C89B1E /* LoadViewControllerTestsTests */ = {
			isa = PBXGroup;
			children = (
				AF6197E5289DB51200C89B1E /* LoadViewControllerTestsTests.swift */,
				AF619800289DB55F00C89B1E /* TestingAppDelegate.swift */,
			);
			path = LoadViewControllerTestsTests;
			sourceTree = "<group>";
		};
/* End PBXGroup section */

/* Begin PBXNativeTarget section */
		AF6197CA289DB51000C89B1E /* LoadViewControllerTests */ = {
			isa = PBXNativeTarget;
			buildConfigurationList = AF6197F5289DB51200C89B1E /* Build configuration list for PBXNativeTarget "LoadViewControllerTests" */;
			buildPhases = (
				AF6197C7289DB51000C89B1E /* Sources */,
				AF6197C8289DB51000C89B1E /* Frameworks */,
				AF6197C9289DB51000C89B1E /* Resources */,
			);
			buildRules = (
			);
			dependencies = (
			);
			name = LoadViewControllerTests;
			productName = LoadViewControllerTests;
			productReference = AF6197CB289DB51000C89B1E /* LoadViewControllerTests.app */;
			productType = "com.apple.product-type.application";
		};
		AF6197E0289DB51100C89B1E /* LoadViewControllerTestsTests */ = {
			isa = PBXNativeTarget;
			buildConfigurationList = AF6197F8289DB51200C89B1E /* Build configuration list for PBXNativeTarget "LoadViewControllerTestsTests" */;
			buildPhases = (
				AF6197DD289DB51100C89B1E /* Sources */,
				AF6197DE289DB51100C89B1E /* Frameworks */,
				AF6197DF289DB51100C89B1E /* Resources */,
			);
			buildRules = (
			);
			dependencies = (
				AF6197E3289DB51100C89B1E /* PBXTargetDependency */,
			);
			name = LoadViewControllerTestsTests;
			productName = LoadViewControllerTestsTests;
			productReference = AF6197E1289DB51100C89B1E /* LoadViewControllerTestsTests.xctest */;
			productType = "com.apple.product-type.bundle.unit-test";
		};
/* End PBXNativeTarget section */

/* Begin PBXProject section */
		AF6197C3289DB51000C89B1E /* Project object */ = {
			isa = PBXProject;
			attributes = {
				BuildIndependentTargetsInParallel = 1;
				LastSwiftUpdateCheck = 1330;
				LastUpgradeCheck = 1330;
				TargetAttributes = {
					AF6197CA289DB51000C89B1E = {
						CreatedOnToolsVersion = 13.3;
					};
					AF6197E0289DB51100C89B1E = {
						CreatedOnToolsVersion = 13.3;
						TestTargetID = AF6197CA289DB51000C89B1E;
					};
				};
			};
			buildConfigurationList = AF6197C6289DB51000C89B1E /* Build configuration list for PBXProject "LoadViewControllerTests" */;
			compatibilityVersion = "Xcode 13.0";
			developmentRegion = en;
			hasScannedForEncodings = 0;
			knownRegions = (
				en,
				Base,
			);
			mainGroup = AF6197C2289DB51000C89B1E;
			productRefGroup = AF6197CC289DB51000C89B1E /* Products */;
			projectDirPath = "";
			projectRoot = "";
			targets = (
				AF6197CA289DB51000C89B1E /* LoadViewControllerTests */,
				AF6197E0289DB51100C89B1E /* LoadViewControllerTestsTests */,
			);
		};
/* End PBXProject section */

/* Begin PBXResourcesBuildPhase section */
		AF6197C9289DB51000C89B1E /* Resources */ = {
			isa = PBXResourcesBuildPhase;
			buildActionMask = 2147483647;
			files = (
				AF6197DB289DB51100C89B1E /* LaunchScreen.storyboard in Resources */,
				AF6197D8289DB51100C89B1E /* Assets.xcassets in Resources */,
				AF6197D6289DB51000C89B1E /* Main.storyboard in Resources */,
			);
			runOnlyForDeploymentPostprocessing = 0;
		};
		AF6197DF289DB51100C89B1E /* Resources */ = {
			isa = PBXResourcesBuildPhase;
			buildActionMask = 2147483647;
			files = (
			);
			runOnlyForDeploymentPostprocessing = 0;
		};
/* End PBXResourcesBuildPhase section */

/* Begin PBXSourcesBuildPhase section */
		AF6197C7289DB51000C89B1E /* Sources */ = {
			isa = PBXSourcesBuildPhase;
			buildActionMask = 2147483647;
			files = (
				AF619803289DC82A00C89B1E /* CodeBasedViewController.swift in Sources */,
				AF6197D3289DB51000C89B1E /* ViewController.swift in Sources */,
				AF6197CF289DB51000C89B1E /* AppDelegate.swift in Sources */,
				AF6197FF289DB52400C89B1E /* main.swift in Sources */,
				AF6197D1289DB51000C89B1E /* SceneDelegate.swift in Sources */,
			);
			runOnlyForDeploymentPostprocessing = 0;
		};
		AF6197DD289DB51100C89B1E /* Sources */ = {
			isa = PBXSourcesBuildPhase;
			buildActionMask = 2147483647;
			files = (
				AF6197E6289DB51200C89B1E /* LoadViewControllerTestsTests.swift in Sources */,
				AF619801289DB55F00C89B1E /* TestingAppDelegate.swift in Sources */,
			);
			runOnlyForDeploymentPostprocessing = 0;
		};
/* End PBXSourcesBuildPhase section */

/* Begin PBXTargetDependency section */
		AF6197E3289DB51100C89B1E /* PBXTargetDependency */ = {
			isa = PBXTargetDependency;
			target = AF6197CA289DB51000C89B1E /* LoadViewControllerTests */;
			targetProxy = AF6197E2289DB51100C89B1E /* PBXContainerItemProxy */;
		};
/* End PBXTargetDependency section */

/* Begin PBXVariantGroup section */
		AF6197D4289DB51000C89B1E /* Main.storyboard */ = {
			isa = PBXVariantGroup;
			children = (
				AF6197D5289DB51000C89B1E /* Base */,
			);
			name = Main.storyboard;
			sourceTree = "<group>";
		};
		AF6197D9289DB51100C89B1E /* LaunchScreen.storyboard */ = {
			isa = PBXVariantGroup;
			children = (
				AF6197DA289DB51100C89B1E /* Base */,
			);
			name = LaunchScreen.storyboard;
			sourceTree = "<group>";
		};
/* End PBXVariantGroup section */

/* Begin XCBuildConfiguration section */
		AF6197F3289DB51200C89B1E /* Debug */ = {
			isa = XCBuildConfiguration;
			buildSettings = {
				ALWAYS_SEARCH_USER_PATHS = NO;
				CLANG_ANALYZER_NONNULL = YES;
				CLANG_ANALYZER_NUMBER_OBJECT_CONVERSION = YES_AGGRESSIVE;
				CLANG_CXX_LANGUAGE_STANDARD = "gnu++17";
				CLANG_ENABLE_MODULES = YES;
				CLANG_ENABLE_OBJC_ARC = YES;
				CLANG_ENABLE_OBJC_WEAK = YES;
				CLANG_WARN_BLOCK_CAPTURE_AUTORELEASING = YES;
				CLANG_WARN_BOOL_CONVERSION = YES;
				CLANG_WARN_COMMA = YES;
				CLANG_WARN_CONSTANT_CONVERSION = YES;
				CLANG_WARN_DEPRECATED_OBJC_IMPLEMENTATIONS = YES;
				CLANG_WARN_DIRECT_OBJC_ISA_USAGE = YES_ERROR;
				CLANG_WARN_DOCUMENTATION_COMMENTS = YES;
				CLANG_WARN_EMPTY_BODY = YES;
				CLANG_WARN_ENUM_CONVERSION = YES;
				CLANG_WARN_INFINITE_RECURSION = YES;
				CLANG_WARN_INT_CONVERSION = YES;
				CLANG_WARN_NON_LITERAL_NULL_CONVERSION = YES;
				CLANG_WARN_OBJC_IMPLICIT_RETAIN_SELF = YES;
				CLANG_WARN_OBJC_LITERAL_CONVERSION = YES;
				CLANG_WARN_OBJC_ROOT_CLASS = YES_ERROR;
				CLANG_WARN_QUOTED_INCLUDE_IN_FRAMEWORK_HEADER = YES;
				CLANG_WARN_RANGE_LOOP_ANALYSIS = YES;
				CLANG_WARN_STRICT_PROTOTYPES = YES;
				CLANG_WARN_SUSPICIOUS_MOVE = YES;
				CLANG_WARN_UNGUARDED_AVAILABILITY = YES_AGGRESSIVE;
				CLANG_WARN_UNREACHABLE_CODE = YES;
				CLANG_WARN__DUPLICATE_METHOD_MATCH = YES;
				COPY_PHASE_STRIP = NO;
				DEBUG_INFORMATION_FORMAT = dwarf;
				ENABLE_STRICT_OBJC_MSGSEND = YES;
				ENABLE_TESTABILITY = YES;
				GCC_C_LANGUAGE_STANDARD = gnu11;
				GCC_DYNAMIC_NO_PIC = NO;
				GCC_NO_COMMON_BLOCKS = YES;
				GCC_OPTIMIZATION_LEVEL = 0;
				GCC_PREPROCESSOR_DEFINITIONS = (
					"DEBUG=1",
					"$(inherited)",
				);
				GCC_WARN_64_TO_32_BIT_CONVERSION = YES;
				GCC_WARN_ABOUT_RETURN_TYPE = YES_ERROR;
				GCC_WARN_UNDECLARED_SELECTOR = YES;
				GCC_WARN_UNINITIALIZED_AUTOS = YES_AGGRESSIVE;
				GCC_WARN_UNUSED_FUNCTION = YES;
				GCC_WARN_UNUSED_VARIABLE = YES;
				IPHONEOS_DEPLOYMENT_TARGET = 15.4;
				MTL_ENABLE_DEBUG_INFO = INCLUDE_SOURCE;
				MTL_FAST_MATH = YES;
				ONLY_ACTIVE_ARCH = YES;
				SDKROOT = iphoneos;
				SWIFT_ACTIVE_COMPILATION_CONDITIONS = DEBUG;
				SWIFT_OPTIMIZATION_LEVEL = "-Onone";
			};
			name = Debug;
		};
		AF6197F4289DB51200C89B1E /* Release */ = {
			isa = XCBuildConfiguration;
			buildSettings = {
				ALWAYS_SEARCH_USER_PATHS = NO;
				CLANG_ANALYZER_NONNULL = YES;
				CLANG_ANALYZER_NUMBER_OBJECT_CONVERSION = YES_AGGRESSIVE;
				CLANG_CXX_LANGUAGE_STANDARD = "gnu++17";
				CLANG_ENABLE_MODULES = YES;
				CLANG_ENABLE_OBJC_ARC = YES;
				CLANG_ENABLE_OBJC_WEAK = YES;
				CLANG_WARN_BLOCK_CAPTURE_AUTORELEASING = YES;
				CLANG_WARN_BOOL_CONVERSION = YES;
				CLANG_WARN_COMMA = YES;
				CLANG_WARN_CONSTANT_CONVERSION = YES;
				CLANG_WARN_DEPRECATED_OBJC_IMPLEMENTATIONS = YES;
				CLANG_WARN_DIRECT_OBJC_ISA_USAGE = YES_ERROR;
				CLANG_WARN_DOCUMENTATION_COMMENTS = YES;
				CLANG_WARN_EMPTY_BODY = YES;
				CLANG_WARN_ENUM_CONVERSION = YES;
				CLANG_WARN_INFINITE_RECURSION = YES;
				CLANG_WARN_INT_CONVERSION = YES;
				CLANG_WARN_NON_LITERAL_NULL_CONVERSION = YES;
				CLANG_WARN_OBJC_IMPLICIT_RETAIN_SELF = YES;
				CLANG_WARN_OBJC_LITERAL_CONVERSION = YES;
				CLANG_WARN_OBJC_ROOT_CLASS = YES_ERROR;
				CLANG_WARN_QUOTED_INCLUDE_IN_FRAMEWORK_HEADER = YES;
				CLANG_WARN_RANGE_LOOP_ANALYSIS = YES;
				CLANG_WARN_STRICT_PROTOTYPES = YES;
				CLANG_WARN_SUSPICIOUS_MOVE = YES;
				CLANG_WARN_UNGUARDED_AVAILABILITY = YES_AGGRESSIVE;
				CLANG_WARN_UNREACHABLE_CODE = YES;
				CLANG_WARN__DUPLICATE_METHOD_MATCH = YES;
				COPY_PHASE_STRIP = NO;
				DEBUG_INFORMATION_FORMAT = "dwarf-with-dsym";
				ENABLE_NS_ASSERTIONS = NO;
				ENABLE_STRICT_OBJC_MSGSEND = YES;
				GCC_C_LANGUAGE_STANDARD = gnu11;
				GCC_NO_COMMON_BLOCKS = YES;
				GCC_WARN_64_TO_32_BIT_CONVERSION = YES;
				GCC_WARN_ABOUT_RETURN_TYPE = YES_ERROR;
				GCC_WARN_UNDECLARED_SELECTOR = YES;
				GCC_WARN_UNINITIALIZED_AUTOS = YES_AGGRESSIVE;
				GCC_WARN_UNUSED_FUNCTION = YES;
				GCC_WARN_UNUSED_VARIABLE = YES;
				IPHONEOS_DEPLOYMENT_TARGET = 15.4;
				MTL_ENABLE_DEBUG_INFO = NO;
				MTL_FAST_MATH = YES;
				SDKROOT = iphoneos;
				SWIFT_COMPILATION_MODE = wholemodule;
				SWIFT_OPTIMIZATION_LEVEL = "-O";
				VALIDATE_PRODUCT = YES;
			};
			name = Release;
		};
		AF6197F6289DB51200C89B1E /* Debug */ = {
			isa = XCBuildConfiguration;
			buildSettings = {
				ASSETCATALOG_COMPILER_APPICON_NAME = AppIcon;
				ASSETCATALOG_COMPILER_GLOBAL_ACCENT_COLOR_NAME = AccentColor;
				CODE_SIGN_STYLE = Automatic;
				CURRENT_PROJECT_VERSION = 1;
				GENERATE_INFOPLIST_FILE = YES;
				INFOPLIST_FILE = LoadViewControllerTests/Info.plist;
				INFOPLIST_KEY_UIApplicationSupportsIndirectInputEvents = YES;
				INFOPLIST_KEY_UILaunchStoryboardName = LaunchScreen;
				INFOPLIST_KEY_UIMainStoryboardFile = Main;
				INFOPLIST_KEY_UISupportedInterfaceOrientations_iPad = "UIInterfaceOrientationPortrait UIInterfaceOrientationPortraitUpsideDown UIInterfaceOrientationLandscapeLeft UIInterfaceOrientationLandscapeRight";
				INFOPLIST_KEY_UISupportedInterfaceOrientations_iPhone = "UIInterfaceOrientationPortrait UIInterfaceOrientationLandscapeLeft UIInterfaceOrientationLandscapeRight";
				LD_RUNPATH_SEARCH_PATHS = (
					"$(inherited)",
					"@executable_path/Frameworks",
				);
				MARKETING_VERSION = 1.0;
				PRODUCT_BUNDLE_IDENTIFIER = master.LoadViewControllerTests;
				PRODUCT_NAME = "$(TARGET_NAME)";
				SWIFT_EMIT_LOC_STRINGS = YES;
				SWIFT_VERSION = 5.0;
				TARGETED_DEVICE_FAMILY = "1,2";
			};
			name = Debug;
		};
		AF6197F7289DB51200C89B1E /* Release */ = {
			isa = XCBuildConfiguration;
			buildSettings = {
				ASSETCATALOG_COMPILER_APPICON_NAME = AppIcon;
				ASSETCATALOG_COMPILER_GLOBAL_ACCENT_COLOR_NAME = AccentColor;
				CODE_SIGN_STYLE = Automatic;
				CURRENT_PROJECT_VERSION = 1;
				GENERATE_INFOPLIST_FILE = YES;
				INFOPLIST_FILE = LoadViewControllerTests/Info.plist;
				INFOPLIST_KEY_UIApplicationSupportsIndirectInputEvents = YES;
				INFOPLIST_KEY_UILaunchStoryboardName = LaunchScreen;
				INFOPLIST_KEY_UIMainStoryboardFile = Main;
				INFOPLIST_KEY_UISupportedInterfaceOrientations_iPad = "UIInterfaceOrientationPortrait UIInterfaceOrientationPortraitUpsideDown UIInterfaceOrientationLandscapeLeft UIInterfaceOrientationLandscapeRight";
				INFOPLIST_KEY_UISupportedInterfaceOrientations_iPhone = "UIInterfaceOrientationPortrait UIInterfaceOrientationLandscapeLeft UIInterfaceOrientationLandscapeRight";
				LD_RUNPATH_SEARCH_PATHS = (
					"$(inherited)",
					"@executable_path/Frameworks",
				);
				MARKETING_VERSION = 1.0;
				PRODUCT_BUNDLE_IDENTIFIER = master.LoadViewControllerTests;
				PRODUCT_NAME = "$(TARGET_NAME)";
				SWIFT_EMIT_LOC_STRINGS = YES;
				SWIFT_VERSION = 5.0;
				TARGETED_DEVICE_FAMILY = "1,2";
			};
			name = Release;
		};
		AF6197F9289DB51200C89B1E /* Debug */ = {
			isa = XCBuildConfiguration;
			buildSettings = {
				ALWAYS_EMBED_SWIFT_STANDARD_LIBRARIES = YES;
				BUNDLE_LOADER = "$(TEST_HOST)";
				CODE_SIGN_STYLE = Automatic;
				CURRENT_PROJECT_VERSION = 1;
				GENERATE_INFOPLIST_FILE = YES;
				IPHONEOS_DEPLOYMENT_TARGET = 15.4;
				MARKETING_VERSION = 1.0;
				PRODUCT_BUNDLE_IDENTIFIER = master.LoadViewControllerTestsTests;
				PRODUCT_NAME = "$(TARGET_NAME)";
				SWIFT_EMIT_LOC_STRINGS = NO;
				SWIFT_VERSION = 5.0;
				TARGETED_DEVICE_FAMILY = "1,2";
				TEST_HOST = "$(BUILT_PRODUCTS_DIR)/LoadViewControllerTests.app/LoadViewControllerTests";
			};
			name = Debug;
		};
		AF6197FA289DB51200C89B1E /* Release */ = {
			isa = XCBuildConfiguration;
			buildSettings = {
				ALWAYS_EMBED_SWIFT_STANDARD_LIBRARIES = YES;
				BUNDLE_LOADER = "$(TEST_HOST)";
				CODE_SIGN_STYLE = Automatic;
				CURRENT_PROJECT_VERSION = 1;
				GENERATE_INFOPLIST_FILE = YES;
				IPHONEOS_DEPLOYMENT_TARGET = 15.4;
				MARKETING_VERSION = 1.0;
				PRODUCT_BUNDLE_IDENTIFIER = master.LoadViewControllerTestsTests;
				PRODUCT_NAME = "$(TARGET_NAME)";
				SWIFT_EMIT_LOC_STRINGS = NO;
				SWIFT_VERSION = 5.0;
				TARGETED_DEVICE_FAMILY = "1,2";
				TEST_HOST = "$(BUILT_PRODUCTS_DIR)/LoadViewControllerTests.app/LoadViewControllerTests";
			};
			name = Release;
		};
/* End XCBuildConfiguration section */

/* Begin XCConfigurationList section */
		AF6197C6289DB51000C89B1E /* Build configuration list for PBXProject "LoadViewControllerTests" */ = {
			isa = XCConfigurationList;
			buildConfigurations = (
				AF6197F3289DB51200C89B1E /* Debug */,
				AF6197F4289DB51200C89B1E /* Release */,
			);
			defaultConfigurationIsVisible = 0;
			defaultConfigurationName = Release;
		};
		AF6197F5289DB51200C89B1E /* Build configuration list for PBXNativeTarget "LoadViewControllerTests" */ = {
			isa = XCConfigurationList;
			buildConfigurations = (
				AF6197F6289DB51200C89B1E /* Debug */,
				AF6197F7289DB51200C89B1E /* Release */,
			);
			defaultConfigurationIsVisible = 0;
			defaultConfigurationName = Release;
		};
		AF6197F8289DB51200C89B1E /* Build configuration list for PBXNativeTarget "LoadViewControllerTestsTests" */ = {
			isa = XCConfigurationList;
			buildConfigurations = (
				AF6197F9289DB51200C89B1E /* Debug */,
				AF6197FA289DB51200C89B1E /* Release */,
			);
			defaultConfigurationIsVisible = 0;
			defaultConfigurationName = Release;
		};
/* End XCConfigurationList section */
	};
	rootObject = AF6197C3289DB51000C89B1E /* Project object */;
}
