// !$*UTF8*$!
{
	archiveVersion = 1;
	classes = {
	};
	objectVersion = 55;
	objects = {

/* Begin PBXBuildFile section */
		AF8094B3289C99DA008E6575 /* AppDelegate.swift in Sources */ = {isa = PBXBuildFile; fileRef = AF8094B2289C99DA008E6575 /* AppDelegate.swift */; };
		AF8094B5289C99DA008E6575 /* SceneDelegate.swift in Sources */ = {isa = PBXBuildFile; fileRef = AF8094B4289C99DA008E6575 /* SceneDelegate.swift */; };
		AF8094B7289C99DA008E6575 /* ViewController.swift in Sources */ = {isa = PBXBuildFile; fileRef = AF8094B6289C99DA008E6575 /* ViewController.swift */; };
		AF8094BA289C99DA008E6575 /* Main.storyboard in Resources */ = {isa = PBXBuildFile; fileRef = AF8094B8289C99DA008E6575 /* Main.storyboard */; };
		AF8094BC289C99DB008E6575 /* Assets.xcassets in Resources */ = {isa = PBXBuildFile; fileRef = AF8094BB289C99DB008E6575 /* Assets.xcassets */; };
		AF8094BF289C99DB008E6575 /* LaunchScreen.storyboard in Resources */ = {isa = PBXBuildFile; fileRef = AF8094BD289C99DB008E6575 /* LaunchScreen.storyboard */; };
		AF8094CA289C99DB008E6575 /* CodeCoverageTests.swift in Sources */ = {isa = PBXBuildFile; fileRef = AF8094C9289C99DB008E6575 /* CodeCoverageTests.swift */; };
		AF8094D4289C99DB008E6575 /* CodeCoverageUITests.swift in Sources */ = {isa = PBXBuildFile; fileRef = AF8094D3289C99DB008E6575 /* CodeCoverageUITests.swift */; };
		AF8094D6289C99DB008E6575 /* CodeCoverageUITestsLaunchTests.swift in Sources */ = {isa = PBXBuildFile; fileRef = AF8094D5289C99DB008E6575 /* CodeCoverageUITestsLaunchTests.swift */; };
		AF8094E3289C9A18008E6575 /* CoveredClass.swift in Sources */ = {isa = PBXBuildFile; fileRef = AF8094E2289C9A18008E6575 /* CoveredClass.swift */; };
		AF8094E5289C9AAC008E6575 /* CoveredClassTest.swift in Sources */ = {isa = PBXBuildFile; fileRef = AF8094E4289C9AAC008E6575 /* CoveredClassTest.swift */; };
/* End PBXBuildFile section */

/* Begin PBXContainerItemProxy section */
		AF8094C6289C99DB008E6575 /* PBXContainerItemProxy */ = {
			isa = PBXContainerItemProxy;
			containerPortal = AF8094A7289C99DA008E6575 /* Project object */;
			proxyType = 1;
			remoteGlobalIDString = AF8094AE289C99DA008E6575;
			remoteInfo = CodeCoverage;
		};
		AF8094D0289C99DB008E6575 /* PBXContainerItemProxy */ = {
			isa = PBXContainerItemProxy;
			containerPortal = AF8094A7289C99DA008E6575 /* Project object */;
			proxyType = 1;
			remoteGlobalIDString = AF8094AE289C99DA008E6575;
			remoteInfo = CodeCoverage;
		};
/* End PBXContainerItemProxy section */

/* Begin PBXFileReference section */
		AF8094AF289C99DA008E6575 /* CodeCoverage.app */ = {isa = PBXFileReference; explicitFileType = wrapper.application; includeInIndex = 0; path = CodeCoverage.app; sourceTree = BUILT_PRODUCTS_DIR; };
		AF8094B2289C99DA008E6575 /* AppDelegate.swift */ = {isa = PBXFileReference; lastKnownFileType = sourcecode.swift; path = AppDelegate.swift; sourceTree = "<group>"; };
		AF8094B4289C99DA008E6575 /* SceneDelegate.swift */ = {isa = PBXFileReference; lastKnownFileType = sourcecode.swift; path = SceneDelegate.swift; sourceTree = "<group>"; };
		AF8094B6289C99DA008E6575 /* ViewController.swift */ = {isa = PBXFileReference; lastKnownFileType = sourcecode.swift; path = ViewController.swift; sourceTree = "<group>"; };
		AF8094B9289C99DA008E6575 /* Base */ = {isa = PBXFileReference; lastKnownFileType = file.storyboard; name = Base; path = Base.lproj/Main.storyboard; sourceTree = "<group>"; };
		AF8094BB289C99DB008E6575 /* Assets.xcassets */ = {isa = PBXFileReference; lastKnownFileType = folder.assetcatalog; path = Assets.xcassets; sourceTree = "<group>"; };
		AF8094BE289C99DB008E6575 /* Base */ = {isa = PBXFileReference; lastKnownFileType = file.storyboard; name = Base; path = Base.lproj/LaunchScreen.storyboard; sourceTree = "<group>"; };
		AF8094C0289C99DB008E6575 /* Info.plist */ = {isa = PBXFileReference; lastKnownFileType = text.plist.xml; path = Info.plist; sourceTree = "<group>"; };
		AF8094C5289C99DB008E6575 /* CodeCoverageTests.xctest */ = {isa = PBXFileReference; explicitFileType = wrapper.cfbundle; includeInIndex = 0; path = CodeCoverageTests.xctest; sourceTree = BUILT_PRODUCTS_DIR; };
		AF8094C9289C99DB008E6575 /* CodeCoverageTests.swift */ = {isa = PBXFileReference; lastKnownFileType = sourcecode.swift; path = CodeCoverageTests.swift; sourceTree = "<group>"; };
		AF8094CF289C99DB008E6575 /* CodeCoverageUITests.xctest */ = {isa = PBXFileReference; explicitFileType = wrapper.cfbundle; includeInIndex = 0; path = CodeCoverageUITests.xctest; sourceTree = BUILT_PRODUCTS_DIR; };
		AF8094D3289C99DB008E6575 /* CodeCoverageUITests.swift */ = {isa = PBXFileReference; lastKnownFileType = sourcecode.swift; path = CodeCoverageUITests.swift; sourceTree = "<group>"; };
		AF8094D5289C99DB008E6575 /* CodeCoverageUITestsLaunchTests.swift */ = {isa = PBXFileReference; lastKnownFileType = sourcecode.swift; path = CodeCoverageUITestsLaunchTests.swift; sourceTree = "<group>"; };
		AF8094E2289C9A18008E6575 /* CoveredClass.swift */ = {isa = PBXFileReference; lastKnownFileType = sourcecode.swift; path = CoveredClass.swift; sourceTree = "<group>"; };
		AF8094E4289C9AAC008E6575 /* CoveredClassTest.swift */ = {isa = PBXFileReference; lastKnownFileType = sourcecode.swift; path = CoveredClassTest.swift; sourceTree = "<group>"; };
/* End PBXFileReference section */

/* Begin PBXFrameworksBuildPhase section */
		AF8094AC289C99DA008E6575 /* Frameworks */ = {
			isa = PBXFrameworksBuildPhase;
			buildActionMask = 2147483647;
			files = (
			);
			runOnlyForDeploymentPostprocessing = 0;
		};
		AF8094C2289C99DB008E6575 /* Frameworks */ = {
			isa = PBXFrameworksBuildPhase;
			buildActionMask = 2147483647;
			files = (
			);
			runOnlyForDeploymentPostprocessing = 0;
		};
		AF8094CC289C99DB008E6575 /* Frameworks */ = {
			isa = PBXFrameworksBuildPhase;
			buildActionMask = 2147483647;
			files = (
			);
			runOnlyForDeploymentPostprocessing = 0;
		};
/* End PBXFrameworksBuildPhase section */

/* Begin PBXGroup section */
		AF8094A6289C99DA008E6575 = {
			isa = PBXGroup;
			children = (
				AF8094B1289C99DA008E6575 /* CodeCoverage */,
				AF8094C8289C99DB008E6575 /* CodeCoverageTests */,
				AF8094D2289C99DB008E6575 /* CodeCoverageUITests */,
				AF8094B0289C99DA008E6575 /* Products */,
			);
			sourceTree = "<group>";
		};
		AF8094B0289C99DA008E6575 /* Products */ = {
			isa = PBXGroup;
			children = (
				AF8094AF289C99DA008E6575 /* CodeCoverage.app */,
				AF8094C5289C99DB008E6575 /* CodeCoverageTests.xctest */,
				AF8094CF289C99DB008E6575 /* CodeCoverageUITests.xctest */,
			);
			name = Products;
			sourceTree = "<group>";
		};
		AF8094B1289C99DA008E6575 /* CodeCoverage */ = {
			isa = PBXGroup;
			children = (
				AF8094B2289C99DA008E6575 /* AppDelegate.swift */,
				AF8094B4289C99DA008E6575 /* SceneDelegate.swift */,
				AF8094B6289C99DA008E6575 /* ViewController.swift */,
				AF8094B8289C99DA008E6575 /* Main.storyboard */,
				AF8094BB289C99DB008E6575 /* Assets.xcassets */,
				AF8094BD289C99DB008E6575 /* LaunchScreen.storyboard */,
				AF8094C0289C99DB008E6575 /* Info.plist */,
				AF8094E2289C9A18008E6575 /* CoveredClass.swift */,
			);
			path = CodeCoverage;
			sourceTree = "<group>";
		};
		AF8094C8289C99DB008E6575 /* CodeCoverageTests */ = {
			isa = PBXGroup;
			children = (
				AF8094C9289C99DB008E6575 /* CodeCoverageTests.swift */,
				AF8094E4289C9AAC008E6575 /* CoveredClassTest.swift */,
			);
			path = CodeCoverageTests;
			sourceTree = "<group>";
		};
		AF8094D2289C99DB008E6575 /* CodeCoverageUITests */ = {
			isa = PBXGroup;
			children = (
				AF8094D3289C99DB008E6575 /* CodeCoverageUITests.swift */,
				AF8094D5289C99DB008E6575 /* CodeCoverageUITestsLaunchTests.swift */,
			);
			path = CodeCoverageUITests;
			sourceTree = "<group>";
		};
/* End PBXGroup section */

/* Begin PBXNativeTarget section */
		AF8094AE289C99DA008E6575 /* CodeCoverage */ = {
			isa = PBXNativeTarget;
			buildConfigurationList = AF8094D9289C99DB008E6575 /* Build configuration list for PBXNativeTarget "CodeCoverage" */;
			buildPhases = (
				AF8094AB289C99DA008E6575 /* Sources */,
				AF8094AC289C99DA008E6575 /* Frameworks */,
				AF8094AD289C99DA008E6575 /* Resources */,
			);
			buildRules = (
			);
			dependencies = (
			);
			name = CodeCoverage;
			productName = CodeCoverage;
			productReference = AF8094AF289C99DA008E6575 /* CodeCoverage.app */;
			productType = "com.apple.product-type.application";
		};
		AF8094C4289C99DB008E6575 /* CodeCoverageTests */ = {
			isa = PBXNativeTarget;
			buildConfigurationList = AF8094DC289C99DB008E6575 /* Build configuration list for PBXNativeTarget "CodeCoverageTests" */;
			buildPhases = (
				AF8094C1289C99DB008E6575 /* Sources */,
				AF8094C2289C99DB008E6575 /* Frameworks */,
				AF8094C3289C99DB008E6575 /* Resources */,
			);
			buildRules = (
			);
			dependencies = (
				AF8094C7289C99DB008E6575 /* PBXTargetDependency */,
			);
			name = CodeCoverageTests;
			productName = CodeCoverageTests;
			productReference = AF8094C5289C99DB008E6575 /* CodeCoverageTests.xctest */;
			productType = "com.apple.product-type.bundle.unit-test";
		};
		AF8094CE289C99DB008E6575 /* CodeCoverageUITests */ = {
			isa = PBXNativeTarget;
			buildConfigurationList = AF8094DF289C99DB008E6575 /* Build configuration list for PBXNativeTarget "CodeCoverageUITests" */;
			buildPhases = (
				AF8094CB289C99DB008E6575 /* Sources */,
				AF8094CC289C99DB008E6575 /* Frameworks */,
				AF8094CD289C99DB008E6575 /* Resources */,
			);
			buildRules = (
			);
			dependencies = (
				AF8094D1289C99DB008E6575 /* PBXTargetDependency */,
			);
			name = CodeCoverageUITests;
			productName = CodeCoverageUITests;
			productReference = AF8094CF289C99DB008E6575 /* CodeCoverageUITests.xctest */;
			productType = "com.apple.product-type.bundle.ui-testing";
		};
/* End PBXNativeTarget section */

/* Begin PBXProject section */
		AF8094A7289C99DA008E6575 /* Project object */ = {
			isa = PBXProject;
			attributes = {
				BuildIndependentTargetsInParallel = 1;
				LastSwiftUpdateCheck = 1330;
				LastUpgradeCheck = 1330;
				TargetAttributes = {
					AF8094AE289C99DA008E6575 = {
						CreatedOnToolsVersion = 13.3;
					};
					AF8094C4289C99DB008E6575 = {
						CreatedOnToolsVersion = 13.3;
						TestTargetID = AF8094AE289C99DA008E6575;
					};
					AF8094CE289C99DB008E6575 = {
						CreatedOnToolsVersion = 13.3;
						TestTargetID = AF8094AE289C99DA008E6575;
					};
				};
			};
			buildConfigurationList = AF8094AA289C99DA008E6575 /* Build configuration list for PBXProject "CodeCoverage" */;
			compatibilityVersion = "Xcode 13.0";
			developmentRegion = en;
			hasScannedForEncodings = 0;
			knownRegions = (
				en,
				Base,
			);
			mainGroup = AF8094A6289C99DA008E6575;
			productRefGroup = AF8094B0289C99DA008E6575 /* Products */;
			projectDirPath = "";
			projectRoot = "";
			targets = (
				AF8094AE289C99DA008E6575 /* CodeCoverage */,
				AF8094C4289C99DB008E6575 /* CodeCoverageTests */,
				AF8094CE289C99DB008E6575 /* CodeCoverageUITests */,
			);
		};
/* End PBXProject section */

/* Begin PBXResourcesBuildPhase section */
		AF8094AD289C99DA008E6575 /* Resources */ = {
			isa = PBXResourcesBuildPhase;
			buildActionMask = 2147483647;
			files = (
				AF8094BF289C99DB008E6575 /* LaunchScreen.storyboard in Resources */,
				AF8094BC289C99DB008E6575 /* Assets.xcassets in Resources */,
				AF8094BA289C99DA008E6575 /* Main.storyboard in Resources */,
			);
			runOnlyForDeploymentPostprocessing = 0;
		};
		AF8094C3289C99DB008E6575 /* Resources */ = {
			isa = PBXResourcesBuildPhase;
			buildActionMask = 2147483647;
			files = (
			);
			runOnlyForDeploymentPostprocessing = 0;
		};
		AF8094CD289C99DB008E6575 /* Resources */ = {
			isa = PBXResourcesBuildPhase;
			buildActionMask = 2147483647;
			files = (
			);
			runOnlyForDeploymentPostprocessing = 0;
		};
/* End PBXResourcesBuildPhase section */

/* Begin PBXSourcesBuildPhase section */
		AF8094AB289C99DA008E6575 /* Sources */ = {
			isa = PBXSourcesBuildPhase;
			buildActionMask = 2147483647;
			files = (
				AF8094E3289C9A18008E6575 /* CoveredClass.swift in Sources */,
				AF8094B7289C99DA008E6575 /* ViewController.swift in Sources */,
				AF8094B3289C99DA008E6575 /* AppDelegate.swift in Sources */,
				AF8094B5289C99DA008E6575 /* SceneDelegate.swift in Sources */,
			);
			runOnlyForDeploymentPostprocessing = 0;
		};
		AF8094C1289C99DB008E6575 /* Sources */ = {
			isa = PBXSourcesBuildPhase;
			buildActionMask = 2147483647;
			files = (
				AF8094CA289C99DB008E6575 /* CodeCoverageTests.swift in Sources */,
				AF8094E5289C9AAC008E6575 /* CoveredClassTest.swift in Sources */,
			);
			runOnlyForDeploymentPostprocessing = 0;
		};
		AF8094CB289C99DB008E6575 /* Sources */ = {
			isa = PBXSourcesBuildPhase;
			buildActionMask = 2147483647;
			files = (
				AF8094D4289C99DB008E6575 /* CodeCoverageUITests.swift in Sources */,
				AF8094D6289C99DB008E6575 /* CodeCoverageUITestsLaunchTests.swift in Sources */,
			);
			runOnlyForDeploymentPostprocessing = 0;
		};
/* End PBXSourcesBuildPhase section */

/* Begin PBXTargetDependency section */
		AF8094C7289C99DB008E6575 /* PBXTargetDependency */ = {
			isa = PBXTargetDependency;
			target = AF8094AE289C99DA008E6575 /* CodeCoverage */;
			targetProxy = AF8094C6289C99DB008E6575 /* PBXContainerItemProxy */;
		};
		AF8094D1289C99DB008E6575 /* PBXTargetDependency */ = {
			isa = PBXTargetDependency;
			target = AF8094AE289C99DA008E6575 /* CodeCoverage */;
			targetProxy = AF8094D0289C99DB008E6575 /* PBXContainerItemProxy */;
		};
/* End PBXTargetDependency section */

/* Begin PBXVariantGroup section */
		AF8094B8289C99DA008E6575 /* Main.storyboard */ = {
			isa = PBXVariantGroup;
			children = (
				AF8094B9289C99DA008E6575 /* Base */,
			);
			name = Main.storyboard;
			sourceTree = "<group>";
		};
		AF8094BD289C99DB008E6575 /* LaunchScreen.storyboard */ = {
			isa = PBXVariantGroup;
			children = (
				AF8094BE289C99DB008E6575 /* Base */,
			);
			name = LaunchScreen.storyboard;
			sourceTree = "<group>";
		};
/* End PBXVariantGroup section */

/* Begin XCBuildConfiguration section */
		AF8094D7289C99DB008E6575 /* Debug */ = {
			isa = XCBuildConfiguration;
			buildSettings = {
				ALWAYS_SEARCH_USER_PATHS = NO;
				CLANG_ANALYZER_NONNULL = YES;
				CLANG_ANALYZER_NUMBER_OBJECT_CONVERSION = YES_AGGRESSIVE;
				CLANG_CXX_LANGUAGE_STANDARD = "gnu++17";
				CLANG_ENABLE_MODULES = YES;
				CLANG_ENABLE_OBJC_ARC = YES;
				CLANG_ENABLE_OBJC_WEAK = YES;
				CLANG_WARN_BLOCK_CAPTURE_AUTORELEASING = YES;
				CLANG_WARN_BOOL_CONVERSION = YES;
				CLANG_WARN_COMMA = YES;
				CLANG_WARN_CONSTANT_CONVERSION = YES;
				CLANG_WARN_DEPRECATED_OBJC_IMPLEMENTATIONS = YES;
				CLANG_WARN_DIRECT_OBJC_ISA_USAGE = YES_ERROR;
				CLANG_WARN_DOCUMENTATION_COMMENTS = YES;
				CLANG_WARN_EMPTY_BODY = YES;
				CLANG_WARN_ENUM_CONVERSION = YES;
				CLANG_WARN_INFINITE_RECURSION = YES;
				CLANG_WARN_INT_CONVERSION = YES;
				CLANG_WARN_NON_LITERAL_NULL_CONVERSION = YES;
				CLANG_WARN_OBJC_IMPLICIT_RETAIN_SELF = YES;
				CLANG_WARN_OBJC_LITERAL_CONVERSION = YES;
				CLANG_WARN_OBJC_ROOT_CLASS = YES_ERROR;
				CLANG_WARN_QUOTED_INCLUDE_IN_FRAMEWORK_HEADER = YES;
				CLANG_WARN_RANGE_LOOP_ANALYSIS = YES;
				CLANG_WARN_STRICT_PROTOTYPES = YES;
				CLANG_WARN_SUSPICIOUS_MOVE = YES;
				CLANG_WARN_UNGUARDED_AVAILABILITY = YES_AGGRESSIVE;
				CLANG_WARN_UNREACHABLE_CODE = YES;
				CLANG_WARN__DUPLICATE_METHOD_MATCH = YES;
				COPY_PHASE_STRIP = NO;
				DEBUG_INFORMATION_FORMAT = dwarf;
				ENABLE_STRICT_OBJC_MSGSEND = YES;
				ENABLE_TESTABILITY = YES;
				GCC_C_LANGUAGE_STANDARD = gnu11;
				GCC_DYNAMIC_NO_PIC = NO;
				GCC_NO_COMMON_BLOCKS = YES;
				GCC_OPTIMIZATION_LEVEL = 0;
				GCC_PREPROCESSOR_DEFINITIONS = (
					"DEBUG=1",
					"$(inherited)",
				);
				GCC_WARN_64_TO_32_BIT_CONVERSION = YES;
				GCC_WARN_ABOUT_RETURN_TYPE = YES_ERROR;
				GCC_WARN_UNDECLARED_SELECTOR = YES;
				GCC_WARN_UNINITIALIZED_AUTOS = YES_AGGRESSIVE;
				GCC_WARN_UNUSED_FUNCTION = YES;
				GCC_WARN_UNUSED_VARIABLE = YES;
				IPHONEOS_DEPLOYMENT_TARGET = 15.4;
				MTL_ENABLE_DEBUG_INFO = INCLUDE_SOURCE;
				MTL_FAST_MATH = YES;
				ONLY_ACTIVE_ARCH = YES;
				SDKROOT = iphoneos;
				SWIFT_ACTIVE_COMPILATION_CONDITIONS = DEBUG;
				SWIFT_OPTIMIZATION_LEVEL = "-Onone";
			};
			name = Debug;
		};
		AF8094D8289C99DB008E6575 /* Release */ = {
			isa = XCBuildConfiguration;
			buildSettings = {
				ALWAYS_SEARCH_USER_PATHS = NO;
				CLANG_ANALYZER_NONNULL = YES;
				CLANG_ANALYZER_NUMBER_OBJECT_CONVERSION = YES_AGGRESSIVE;
				CLANG_CXX_LANGUAGE_STANDARD = "gnu++17";
				CLANG_ENABLE_MODULES = YES;
				CLANG_ENABLE_OBJC_ARC = YES;
				CLANG_ENABLE_OBJC_WEAK = YES;
				CLANG_WARN_BLOCK_CAPTURE_AUTORELEASING = YES;
				CLANG_WARN_BOOL_CONVERSION = YES;
				CLANG_WARN_COMMA = YES;
				CLANG_WARN_CONSTANT_CONVERSION = YES;
				CLANG_WARN_DEPRECATED_OBJC_IMPLEMENTATIONS = YES;
				CLANG_WARN_DIRECT_OBJC_ISA_USAGE = YES_ERROR;
				CLANG_WARN_DOCUMENTATION_COMMENTS = YES;
				CLANG_WARN_EMPTY_BODY = YES;
				CLANG_WARN_ENUM_CONVERSION = YES;
				CLANG_WARN_INFINITE_RECURSION = YES;
				CLANG_WARN_INT_CONVERSION = YES;
				CLANG_WARN_NON_LITERAL_NULL_CONVERSION = YES;
				CLANG_WARN_OBJC_IMPLICIT_RETAIN_SELF = YES;
				CLANG_WARN_OBJC_LITERAL_CONVERSION = YES;
				CLANG_WARN_OBJC_ROOT_CLASS = YES_ERROR;
				CLANG_WARN_QUOTED_INCLUDE_IN_FRAMEWORK_HEADER = YES;
				CLANG_WARN_RANGE_LOOP_ANALYSIS = YES;
				CLANG_WARN_STRICT_PROTOTYPES = YES;
				CLANG_WARN_SUSPICIOUS_MOVE = YES;
				CLANG_WARN_UNGUARDED_AVAILABILITY = YES_AGGRESSIVE;
				CLANG_WARN_UNREACHABLE_CODE = YES;
				CLANG_WARN__DUPLICATE_METHOD_MATCH = YES;
				COPY_PHASE_STRIP = NO;
				DEBUG_INFORMATION_FORMAT = "dwarf-with-dsym";
				ENABLE_NS_ASSERTIONS = NO;
				ENABLE_STRICT_OBJC_MSGSEND = YES;
				GCC_C_LANGUAGE_STANDARD = gnu11;
				GCC_NO_COMMON_BLOCKS = YES;
				GCC_WARN_64_TO_32_BIT_CONVERSION = YES;
				GCC_WARN_ABOUT_RETURN_TYPE = YES_ERROR;
				GCC_WARN_UNDECLARED_SELECTOR = YES;
				GCC_WARN_UNINITIALIZED_AUTOS = YES_AGGRESSIVE;
				GCC_WARN_UNUSED_FUNCTION = YES;
				GCC_WARN_UNUSED_VARIABLE = YES;
				IPHONEOS_DEPLOYMENT_TARGET = 15.4;
				MTL_ENABLE_DEBUG_INFO = NO;
				MTL_FAST_MATH = YES;
				SDKROOT = iphoneos;
				SWIFT_COMPILATION_MODE = wholemodule;
				SWIFT_OPTIMIZATION_LEVEL = "-O";
				VALIDATE_PRODUCT = YES;
			};
			name = Release;
		};
		AF8094DA289C99DB008E6575 /* Debug */ = {
			isa = XCBuildConfiguration;
			buildSettings = {
				ASSETCATALOG_COMPILER_APPICON_NAME = AppIcon;
				ASSETCATALOG_COMPILER_GLOBAL_ACCENT_COLOR_NAME = AccentColor;
				CODE_SIGN_STYLE = Automatic;
				CURRENT_PROJECT_VERSION = 1;
				GENERATE_INFOPLIST_FILE = YES;
				INFOPLIST_FILE = CodeCoverage/Info.plist;
				INFOPLIST_KEY_UIApplicationSupportsIndirectInputEvents = YES;
				INFOPLIST_KEY_UILaunchStoryboardName = LaunchScreen;
				INFOPLIST_KEY_UIMainStoryboardFile = Main;
				INFOPLIST_KEY_UISupportedInterfaceOrientations_iPad = "UIInterfaceOrientationPortrait UIInterfaceOrientationPortraitUpsideDown UIInterfaceOrientationLandscapeLeft UIInterfaceOrientationLandscapeRight";
				INFOPLIST_KEY_UISupportedInterfaceOrientations_iPhone = "UIInterfaceOrientationPortrait UIInterfaceOrientationLandscapeLeft UIInterfaceOrientationLandscapeRight";
				LD_RUNPATH_SEARCH_PATHS = (
					"$(inherited)",
					"@executable_path/Frameworks",
				);
				MARKETING_VERSION = 1.0;
				PRODUCT_BUNDLE_IDENTIFIER = master.CodeCoverage;
				PRODUCT_NAME = "$(TARGET_NAME)";
				SWIFT_EMIT_LOC_STRINGS = YES;
				SWIFT_VERSION = 5.0;
				TARGETED_DEVICE_FAMILY = "1,2";
			};
			name = Debug;
		};
		AF8094DB289C99DB008E6575 /* Release */ = {
			isa = XCBuildConfiguration;
			buildSettings = {
				ASSETCATALOG_COMPILER_APPICON_NAME = AppIcon;
				ASSETCATALOG_COMPILER_GLOBAL_ACCENT_COLOR_NAME = AccentColor;
				CODE_SIGN_STYLE = Automatic;
				CURRENT_PROJECT_VERSION = 1;
				GENERATE_INFOPLIST_FILE = YES;
				INFOPLIST_FILE = CodeCoverage/Info.plist;
				INFOPLIST_KEY_UIApplicationSupportsIndirectInputEvents = YES;
				INFOPLIST_KEY_UILaunchStoryboardName = LaunchScreen;
				INFOPLIST_KEY_UIMainStoryboardFile = Main;
				INFOPLIST_KEY_UISupportedInterfaceOrientations_iPad = "UIInterfaceOrientationPortrait UIInterfaceOrientationPortraitUpsideDown UIInterfaceOrientationLandscapeLeft UIInterfaceOrientationLandscapeRight";
				INFOPLIST_KEY_UISupportedInterfaceOrientations_iPhone = "UIInterfaceOrientationPortrait UIInterfaceOrientationLandscapeLeft UIInterfaceOrientationLandscapeRight";
				LD_RUNPATH_SEARCH_PATHS = (
					"$(inherited)",
					"@executable_path/Frameworks",
				);
				MARKETING_VERSION = 1.0;
				PRODUCT_BUNDLE_IDENTIFIER = master.CodeCoverage;
				PRODUCT_NAME = "$(TARGET_NAME)";
				SWIFT_EMIT_LOC_STRINGS = YES;
				SWIFT_VERSION = 5.0;
				TARGETED_DEVICE_FAMILY = "1,2";
			};
			name = Release;
		};
		AF8094DD289C99DB008E6575 /* Debug */ = {
			isa = XCBuildConfiguration;
			buildSettings = {
				ALWAYS_EMBED_SWIFT_STANDARD_LIBRARIES = YES;
				BUNDLE_LOADER = "$(TEST_HOST)";
				CODE_SIGN_STYLE = Automatic;
				CURRENT_PROJECT_VERSION = 1;
				GENERATE_INFOPLIST_FILE = YES;
				IPHONEOS_DEPLOYMENT_TARGET = 15.4;
				MARKETING_VERSION = 1.0;
				PRODUCT_BUNDLE_IDENTIFIER = master.CodeCoverageTests;
				PRODUCT_NAME = "$(TARGET_NAME)";
				SWIFT_EMIT_LOC_STRINGS = NO;
				SWIFT_VERSION = 5.0;
				TARGETED_DEVICE_FAMILY = "1,2";
				TEST_HOST = "$(BUILT_PRODUCTS_DIR)/CodeCoverage.app/CodeCoverage";
			};
			name = Debug;
		};
		AF8094DE289C99DB008E6575 /* Release */ = {
			isa = XCBuildConfiguration;
			buildSettings = {
				ALWAYS_EMBED_SWIFT_STANDARD_LIBRARIES = YES;
				BUNDLE_LOADER = "$(TEST_HOST)";
				CODE_SIGN_STYLE = Automatic;
				CURRENT_PROJECT_VERSION = 1;
				GENERATE_INFOPLIST_FILE = YES;
				IPHONEOS_DEPLOYMENT_TARGET = 15.4;
				MARKETING_VERSION = 1.0;
				PRODUCT_BUNDLE_IDENTIFIER = master.CodeCoverageTests;
				PRODUCT_NAME = "$(TARGET_NAME)";
				SWIFT_EMIT_LOC_STRINGS = NO;
				SWIFT_VERSION = 5.0;
				TARGETED_DEVICE_FAMILY = "1,2";
				TEST_HOST = "$(BUILT_PRODUCTS_DIR)/CodeCoverage.app/CodeCoverage";
			};
			name = Release;
		};
		AF8094E0289C99DB008E6575 /* Debug */ = {
			isa = XCBuildConfiguration;
			buildSettings = {
				ALWAYS_EMBED_SWIFT_STANDARD_LIBRARIES = YES;
				CODE_SIGN_STYLE = Automatic;
				CURRENT_PROJECT_VERSION = 1;
				GENERATE_INFOPLIST_FILE = YES;
				MARKETING_VERSION = 1.0;
				PRODUCT_BUNDLE_IDENTIFIER = master.CodeCoverageUITests;
				PRODUCT_NAME = "$(TARGET_NAME)";
				SWIFT_EMIT_LOC_STRINGS = NO;
				SWIFT_VERSION = 5.0;
				TARGETED_DEVICE_FAMILY = "1,2";
				TEST_TARGET_NAME = CodeCoverage;
			};
			name = Debug;
		};
		AF8094E1289C99DB008E6575 /* Release */ = {
			isa = XCBuildConfiguration;
			buildSettings = {
				ALWAYS_EMBED_SWIFT_STANDARD_LIBRARIES = YES;
				CODE_SIGN_STYLE = Automatic;
				CURRENT_PROJECT_VERSION = 1;
				GENERATE_INFOPLIST_FILE = YES;
				MARKETING_VERSION = 1.0;
				PRODUCT_BUNDLE_IDENTIFIER = master.CodeCoverageUITests;
				PRODUCT_NAME = "$(TARGET_NAME)";
				SWIFT_EMIT_LOC_STRINGS = NO;
				SWIFT_VERSION = 5.0;
				TARGETED_DEVICE_FAMILY = "1,2";
				TEST_TARGET_NAME = CodeCoverage;
			};
			name = Release;
		};
/* End XCBuildConfiguration section */

/* Begin XCConfigurationList section */
		AF8094AA289C99DA008E6575 /* Build configuration list for PBXProject "CodeCoverage" */ = {
			isa = XCConfigurationList;
			buildConfigurations = (
				AF8094D7289C99DB008E6575 /* Debug */,
				AF8094D8289C99DB008E6575 /* Release */,
			);
			defaultConfigurationIsVisible = 0;
			defaultConfigurationName = Release;
		};
		AF8094D9289C99DB008E6575 /* Build configuration list for PBXNativeTarget "CodeCoverage" */ = {
			isa = XCConfigurationList;
			buildConfigurations = (
				AF8094DA289C99DB008E6575 /* Debug */,
				AF8094DB289C99DB008E6575 /* Release */,
			);
			defaultConfigurationIsVisible = 0;
			defaultConfigurationName = Release;
		};
		AF8094DC289C99DB008E6575 /* Build configuration list for PBXNativeTarget "CodeCoverageTests" */ = {
			isa = XCConfigurationList;
			buildConfigurations = (
				AF8094DD289C99DB008E6575 /* Debug */,
				AF8094DE289C99DB008E6575 /* Release */,
			);
			defaultConfigurationIsVisible = 0;
			defaultConfigurationName = Release;
		};
		AF8094DF289C99DB008E6575 /* Build configuration list for PBXNativeTarget "CodeCoverageUITests" */ = {
			isa = XCConfigurationList;
			buildConfigurations = (
				AF8094E0289C99DB008E6575 /* Debug */,
				AF8094E1289C99DB008E6575 /* Release */,
			);
			defaultConfigurationIsVisible = 0;
			defaultConfigurationName = Release;
		};
/* End XCConfigurationList section */
	};
	rootObject = AF8094A7289C99DA008E6575 /* Project object */;
}
