// !$*UTF8*$!
{
	archiveVersion = 1;
	classes = {
	};
	objectVersion = 55;
	objects = {

/* Begin PBXBuildFile section */
		AFED548628A403E3002A9402 /* AppDelegate.swift in Sources */ = {isa = PBXBuildFile; fileRef = AFED548528A403E3002A9402 /* AppDelegate.swift */; };
		AFED548828A403E3002A9402 /* SceneDelegate.swift in Sources */ = {isa = PBXBuildFile; fileRef = AFED548728A403E3002A9402 /* SceneDelegate.swift */; };
		AFED548A28A403E3002A9402 /* ViewController.swift in Sources */ = {isa = PBXBuildFile; fileRef = AFED548928A403E3002A9402 /* ViewController.swift */; };
		AFED548D28A403E3002A9402 /* Main.storyboard in Resources */ = {isa = PBXBuildFile; fileRef = AFED548B28A403E3002A9402 /* Main.storyboard */; };
		AFED548F28A403E6002A9402 /* Assets.xcassets in Resources */ = {isa = PBXBuildFile; fileRef = AFED548E28A403E6002A9402 /* Assets.xcassets */; };
		AFED549228A403E6002A9402 /* LaunchScreen.storyboard in Resources */ = {isa = PBXBuildFile; fileRef = AFED549028A403E6002A9402 /* LaunchScreen.storyboard */; };
		AFED54B628A40527002A9402 /* ViewControllerTests.swift in Sources */ = {isa = PBXBuildFile; fileRef = AFED54B528A40527002A9402 /* ViewControllerTests.swift */; };
		AFED54B828A406B3002A9402 /* TestHelpers.swift in Sources */ = {isa = PBXBuildFile; fileRef = AFED54B728A406B3002A9402 /* TestHelpers.swift */; };
/* End PBXBuildFile section */

/* Begin PBXContainerItemProxy section */
		AFED549928A403E6002A9402 /* PBXContainerItemProxy */ = {
			isa = PBXContainerItemProxy;
			containerPortal = AFED547A28A403E3002A9402 /* Project object */;
			proxyType = 1;
			remoteGlobalIDString = AFED548128A403E3002A9402;
			remoteInfo = ButtonTapTest;
		};
/* End PBXContainerItemProxy section */

/* Begin PBXFileReference section */
		AFED548228A403E3002A9402 /* ButtonTapTest.app */ = {isa = PBXFileReference; explicitFileType = wrapper.application; includeInIndex = 0; path = ButtonTapTest.app; sourceTree = BUILT_PRODUCTS_DIR; };
		AFED548528A403E3002A9402 /* AppDelegate.swift */ = {isa = PBXFileReference; lastKnownFileType = sourcecode.swift; path = AppDelegate.swift; sourceTree = "<group>"; };
		AFED548728A403E3002A9402 /* SceneDelegate.swift */ = {isa = PBXFileReference; lastKnownFileType = sourcecode.swift; path = SceneDelegate.swift; sourceTree = "<group>"; };
		AFED548928A403E3002A9402 /* ViewController.swift */ = {isa = PBXFileReference; lastKnownFileType = sourcecode.swift; path = ViewController.swift; sourceTree = "<group>"; };
		AFED548C28A403E3002A9402 /* Base */ = {isa = PBXFileReference; lastKnownFileType = file.storyboard; name = Base; path = Base.lproj/Main.storyboard; sourceTree = "<group>"; };
		AFED548E28A403E6002A9402 /* Assets.xcassets */ = {isa = PBXFileReference; lastKnownFileType = folder.assetcatalog; path = Assets.xcassets; sourceTree = "<group>"; };
		AFED549128A403E6002A9402 /* Base */ = {isa = PBXFileReference; lastKnownFileType = file.storyboard; name = Base; path = Base.lproj/LaunchScreen.storyboard; sourceTree = "<group>"; };
		AFED549328A403E6002A9402 /* Info.plist */ = {isa = PBXFileReference; lastKnownFileType = text.plist.xml; path = Info.plist; sourceTree = "<group>"; };
		AFED549828A403E6002A9402 /* ButtonTapTestTests.xctest */ = {isa = PBXFileReference; explicitFileType = wrapper.cfbundle; includeInIndex = 0; path = ButtonTapTestTests.xctest; sourceTree = BUILT_PRODUCTS_DIR; };
		AFED54B528A40527002A9402 /* ViewControllerTests.swift */ = {isa = PBXFileReference; lastKnownFileType = sourcecode.swift; path = ViewControllerTests.swift; sourceTree = "<group>"; };
		AFED54B728A406B3002A9402 /* TestHelpers.swift */ = {isa = PBXFileReference; lastKnownFileType = sourcecode.swift; path = TestHelpers.swift; sourceTree = "<group>"; };
/* End PBXFileReference section */

/* Begin PBXFrameworksBuildPhase section */
		AFED547F28A403E3002A9402 /* Frameworks */ = {
			isa = PBXFrameworksBuildPhase;
			buildActionMask = 2147483647;
			files = (
			);
			runOnlyForDeploymentPostprocessing = 0;
		};
		AFED549528A403E6002A9402 /* Frameworks */ = {
			isa = PBXFrameworksBuildPhase;
			buildActionMask = 2147483647;
			files = (
			);
			runOnlyForDeploymentPostprocessing = 0;
		};
/* End PBXFrameworksBuildPhase section */

/* Begin PBXGroup section */
		AFED547928A403E3002A9402 = {
			isa = PBXGroup;
			children = (
				AFED548428A403E3002A9402 /* ButtonTapTest */,
				AFED549B28A403E6002A9402 /* ButtonTapTestTests */,
				AFED548328A403E3002A9402 /* Products */,
			);
			sourceTree = "<group>";
		};
		AFED548328A403E3002A9402 /* Products */ = {
			isa = PBXGroup;
			children = (
				AFED548228A403E3002A9402 /* ButtonTapTest.app */,
				AFED549828A403E6002A9402 /* ButtonTapTestTests.xctest */,
			);
			name = Products;
			sourceTree = "<group>";
		};
		AFED548428A403E3002A9402 /* ButtonTapTest */ = {
			isa = PBXGroup;
			children = (
				AFED548528A403E3002A9402 /* AppDelegate.swift */,
				AFED548728A403E3002A9402 /* SceneDelegate.swift */,
				AFED548928A403E3002A9402 /* ViewController.swift */,
				AFED548B28A403E3002A9402 /* Main.storyboard */,
				AFED548E28A403E6002A9402 /* Assets.xcassets */,
				AFED549028A403E6002A9402 /* LaunchScreen.storyboard */,
				AFED549328A403E6002A9402 /* Info.plist */,
			);
			path = ButtonTapTest;
			sourceTree = "<group>";
		};
		AFED549B28A403E6002A9402 /* ButtonTapTestTests */ = {
			isa = PBXGroup;
			children = (
				AFED54B528A40527002A9402 /* ViewControllerTests.swift */,
				AFED54B728A406B3002A9402 /* TestHelpers.swift */,
			);
			path = ButtonTapTestTests;
			sourceTree = "<group>";
		};
/* End PBXGroup section */

/* Begin PBXNativeTarget section */
		AFED548128A403E3002A9402 /* ButtonTapTest */ = {
			isa = PBXNativeTarget;
			buildConfigurationList = AFED54AC28A403E6002A9402 /* Build configuration list for PBXNativeTarget "ButtonTapTest" */;
			buildPhases = (
				AFED547E28A403E3002A9402 /* Sources */,
				AFED547F28A403E3002A9402 /* Frameworks */,
				AFED548028A403E3002A9402 /* Resources */,
			);
			buildRules = (
			);
			dependencies = (
			);
			name = ButtonTapTest;
			productName = ButtonTapTest;
			productReference = AFED548228A403E3002A9402 /* ButtonTapTest.app */;
			productType = "com.apple.product-type.application";
		};
		AFED549728A403E6002A9402 /* ButtonTapTestTests */ = {
			isa = PBXNativeTarget;
			buildConfigurationList = AFED54AF28A403E6002A9402 /* Build configuration list for PBXNativeTarget "ButtonTapTestTests" */;
			buildPhases = (
				AFED549428A403E6002A9402 /* Sources */,
				AFED549528A403E6002A9402 /* Frameworks */,
				AFED549628A403E6002A9402 /* Resources */,
			);
			buildRules = (
			);
			dependencies = (
				AFED549A28A403E6002A9402 /* PBXTargetDependency */,
			);
			name = ButtonTapTestTests;
			productName = ButtonTapTestTests;
			productReference = AFED549828A403E6002A9402 /* ButtonTapTestTests.xctest */;
			productType = "com.apple.product-type.bundle.unit-test";
		};
/* End PBXNativeTarget section */

/* Begin PBXProject section */
		AFED547A28A403E3002A9402 /* Project object */ = {
			isa = PBXProject;
			attributes = {
				BuildIndependentTargetsInParallel = 1;
				LastSwiftUpdateCheck = 1330;
				LastUpgradeCheck = 1330;
				TargetAttributes = {
					AFED548128A403E3002A9402 = {
						CreatedOnToolsVersion = 13.3;
					};
					AFED549728A403E6002A9402 = {
						CreatedOnToolsVersion = 13.3;
						LastSwiftMigration = 1330;
						TestTargetID = AFED548128A403E3002A9402;
					};
				};
			};
			buildConfigurationList = AFED547D28A403E3002A9402 /* Build configuration list for PBXProject "ButtonTapTest" */;
			compatibilityVersion = "Xcode 13.0";
			developmentRegion = en;
			hasScannedForEncodings = 0;
			knownRegions = (
				en,
				Base,
			);
			mainGroup = AFED547928A403E3002A9402;
			productRefGroup = AFED548328A403E3002A9402 /* Products */;
			projectDirPath = "";
			projectRoot = "";
			targets = (
				AFED548128A403E3002A9402 /* ButtonTapTest */,
				AFED549728A403E6002A9402 /* ButtonTapTestTests */,
			);
		};
/* End PBXProject section */

/* Begin PBXResourcesBuildPhase section */
		AFED548028A403E3002A9402 /* Resources */ = {
			isa = PBXResourcesBuildPhase;
			buildActionMask = 2147483647;
			files = (
				AFED549228A403E6002A9402 /* LaunchScreen.storyboard in Resources */,
				AFED548F28A403E6002A9402 /* Assets.xcassets in Resources */,
				AFED548D28A403E3002A9402 /* Main.storyboard in Resources */,
			);
			runOnlyForDeploymentPostprocessing = 0;
		};
		AFED549628A403E6002A9402 /* Resources */ = {
			isa = PBXResourcesBuildPhase;
			buildActionMask = 2147483647;
			files = (
			);
			runOnlyForDeploymentPostprocessing = 0;
		};
/* End PBXResourcesBuildPhase section */

/* Begin PBXSourcesBuildPhase section */
		AFED547E28A403E3002A9402 /* Sources */ = {
			isa = PBXSourcesBuildPhase;
			buildActionMask = 2147483647;
			files = (
				AFED548A28A403E3002A9402 /* ViewController.swift in Sources */,
				AFED548628A403E3002A9402 /* AppDelegate.swift in Sources */,
				AFED548828A403E3002A9402 /* SceneDelegate.swift in Sources */,
			);
			runOnlyForDeploymentPostprocessing = 0;
		};
		AFED549428A403E6002A9402 /* Sources */ = {
			isa = PBXSourcesBuildPhase;
			buildActionMask = 2147483647;
			files = (
				AFED54B628A40527002A9402 /* ViewControllerTests.swift in Sources */,
				AFED54B828A406B3002A9402 /* TestHelpers.swift in Sources */,
			);
			runOnlyForDeploymentPostprocessing = 0;
		};
/* End PBXSourcesBuildPhase section */

/* Begin PBXTargetDependency section */
		AFED549A28A403E6002A9402 /* PBXTargetDependency */ = {
			isa = PBXTargetDependency;
			target = AFED548128A403E3002A9402 /* ButtonTapTest */;
			targetProxy = AFED549928A403E6002A9402 /* PBXContainerItemProxy */;
		};
/* End PBXTargetDependency section */

/* Begin PBXVariantGroup section */
		AFED548B28A403E3002A9402 /* Main.storyboard */ = {
			isa = PBXVariantGroup;
			children = (
				AFED548C28A403E3002A9402 /* Base */,
			);
			name = Main.storyboard;
			sourceTree = "<group>";
		};
		AFED549028A403E6002A9402 /* LaunchScreen.storyboard */ = {
			isa = PBXVariantGroup;
			children = (
				AFED549128A403E6002A9402 /* Base */,
			);
			name = LaunchScreen.storyboard;
			sourceTree = "<group>";
		};
/* End PBXVariantGroup section */

/* Begin XCBuildConfiguration section */
		AFED54AA28A403E6002A9402 /* Debug */ = {
			isa = XCBuildConfiguration;
			buildSettings = {
				ALWAYS_SEARCH_USER_PATHS = NO;
				CLANG_ANALYZER_NONNULL = YES;
				CLANG_ANALYZER_NUMBER_OBJECT_CONVERSION = YES_AGGRESSIVE;
				CLANG_CXX_LANGUAGE_STANDARD = "gnu++17";
				CLANG_ENABLE_MODULES = YES;
				CLANG_ENABLE_OBJC_ARC = YES;
				CLANG_ENABLE_OBJC_WEAK = YES;
				CLANG_WARN_BLOCK_CAPTURE_AUTORELEASING = YES;
				CLANG_WARN_BOOL_CONVERSION = YES;
				CLANG_WARN_COMMA = YES;
				CLANG_WARN_CONSTANT_CONVERSION = YES;
				CLANG_WARN_DEPRECATED_OBJC_IMPLEMENTATIONS = YES;
				CLANG_WARN_DIRECT_OBJC_ISA_USAGE = YES_ERROR;
				CLANG_WARN_DOCUMENTATION_COMMENTS = YES;
				CLANG_WARN_EMPTY_BODY = YES;
				CLANG_WARN_ENUM_CONVERSION = YES;
				CLANG_WARN_INFINITE_RECURSION = YES;
				CLANG_WARN_INT_CONVERSION = YES;
				CLANG_WARN_NON_LITERAL_NULL_CONVERSION = YES;
				CLANG_WARN_OBJC_IMPLICIT_RETAIN_SELF = YES;
				CLANG_WARN_OBJC_LITERAL_CONVERSION = YES;
				CLANG_WARN_OBJC_ROOT_CLASS = YES_ERROR;
				CLANG_WARN_QUOTED_INCLUDE_IN_FRAMEWORK_HEADER = YES;
				CLANG_WARN_RANGE_LOOP_ANALYSIS = YES;
				CLANG_WARN_STRICT_PROTOTYPES = YES;
				CLANG_WARN_SUSPICIOUS_MOVE = YES;
				CLANG_WARN_UNGUARDED_AVAILABILITY = YES_AGGRESSIVE;
				CLANG_WARN_UNREACHABLE_CODE = YES;
				CLANG_WARN__DUPLICATE_METHOD_MATCH = YES;
				COPY_PHASE_STRIP = NO;
				DEBUG_INFORMATION_FORMAT = dwarf;
				ENABLE_STRICT_OBJC_MSGSEND = YES;
				ENABLE_TESTABILITY = YES;
				GCC_C_LANGUAGE_STANDARD = gnu11;
				GCC_DYNAMIC_NO_PIC = NO;
				GCC_NO_COMMON_BLOCKS = YES;
				GCC_OPTIMIZATION_LEVEL = 0;
				GCC_PREPROCESSOR_DEFINITIONS = (
					"DEBUG=1",
					"$(inherited)",
				);
				GCC_WARN_64_TO_32_BIT_CONVERSION = YES;
				GCC_WARN_ABOUT_RETURN_TYPE = YES_ERROR;
				GCC_WARN_UNDECLARED_SELECTOR = YES;
				GCC_WARN_UNINITIALIZED_AUTOS = YES_AGGRESSIVE;
				GCC_WARN_UNUSED_FUNCTION = YES;
				GCC_WARN_UNUSED_VARIABLE = YES;
				IPHONEOS_DEPLOYMENT_TARGET = 15.4;
				MTL_ENABLE_DEBUG_INFO = INCLUDE_SOURCE;
				MTL_FAST_MATH = YES;
				ONLY_ACTIVE_ARCH = YES;
				SDKROOT = iphoneos;
				SWIFT_ACTIVE_COMPILATION_CONDITIONS = DEBUG;
				SWIFT_OPTIMIZATION_LEVEL = "-Onone";
			};
			name = Debug;
		};
		AFED54AB28A403E6002A9402 /* Release */ = {
			isa = XCBuildConfiguration;
			buildSettings = {
				ALWAYS_SEARCH_USER_PATHS = NO;
				CLANG_ANALYZER_NONNULL = YES;
				CLANG_ANALYZER_NUMBER_OBJECT_CONVERSION = YES_AGGRESSIVE;
				CLANG_CXX_LANGUAGE_STANDARD = "gnu++17";
				CLANG_ENABLE_MODULES = YES;
				CLANG_ENABLE_OBJC_ARC = YES;
				CLANG_ENABLE_OBJC_WEAK = YES;
				CLANG_WARN_BLOCK_CAPTURE_AUTORELEASING = YES;
				CLANG_WARN_BOOL_CONVERSION = YES;
				CLANG_WARN_COMMA = YES;
				CLANG_WARN_CONSTANT_CONVERSION = YES;
				CLANG_WARN_DEPRECATED_OBJC_IMPLEMENTATIONS = YES;
				CLANG_WARN_DIRECT_OBJC_ISA_USAGE = YES_ERROR;
				CLANG_WARN_DOCUMENTATION_COMMENTS = YES;
				CLANG_WARN_EMPTY_BODY = YES;
				CLANG_WARN_ENUM_CONVERSION = YES;
				CLANG_WARN_INFINITE_RECURSION = YES;
				CLANG_WARN_INT_CONVERSION = YES;
				CLANG_WARN_NON_LITERAL_NULL_CONVERSION = YES;
				CLANG_WARN_OBJC_IMPLICIT_RETAIN_SELF = YES;
				CLANG_WARN_OBJC_LITERAL_CONVERSION = YES;
				CLANG_WARN_OBJC_ROOT_CLASS = YES_ERROR;
				CLANG_WARN_QUOTED_INCLUDE_IN_FRAMEWORK_HEADER = YES;
				CLANG_WARN_RANGE_LOOP_ANALYSIS = YES;
				CLANG_WARN_STRICT_PROTOTYPES = YES;
				CLANG_WARN_SUSPICIOUS_MOVE = YES;
				CLANG_WARN_UNGUARDED_AVAILABILITY = YES_AGGRESSIVE;
				CLANG_WARN_UNREACHABLE_CODE = YES;
				CLANG_WARN__DUPLICATE_METHOD_MATCH = YES;
				COPY_PHASE_STRIP = NO;
				DEBUG_INFORMATION_FORMAT = "dwarf-with-dsym";
				ENABLE_NS_ASSERTIONS = NO;
				ENABLE_STRICT_OBJC_MSGSEND = YES;
				GCC_C_LANGUAGE_STANDARD = gnu11;
				GCC_NO_COMMON_BLOCKS = YES;
				GCC_WARN_64_TO_32_BIT_CONVERSION = YES;
				GCC_WARN_ABOUT_RETURN_TYPE = YES_ERROR;
				GCC_WARN_UNDECLARED_SELECTOR = YES;
				GCC_WARN_UNINITIALIZED_AUTOS = YES_AGGRESSIVE;
				GCC_WARN_UNUSED_FUNCTION = YES;
				GCC_WARN_UNUSED_VARIABLE = YES;
				IPHONEOS_DEPLOYMENT_TARGET = 15.4;
				MTL_ENABLE_DEBUG_INFO = NO;
				MTL_FAST_MATH = YES;
				SDKROOT = iphoneos;
				SWIFT_COMPILATION_MODE = wholemodule;
				SWIFT_OPTIMIZATION_LEVEL = "-O";
				VALIDATE_PRODUCT = YES;
			};
			name = Release;
		};
		AFED54AD28A403E6002A9402 /* Debug */ = {
			isa = XCBuildConfiguration;
			buildSettings = {
				ASSETCATALOG_COMPILER_APPICON_NAME = AppIcon;
				ASSETCATALOG_COMPILER_GLOBAL_ACCENT_COLOR_NAME = AccentColor;
				CODE_SIGN_STYLE = Automatic;
				CURRENT_PROJECT_VERSION = 1;
				GENERATE_INFOPLIST_FILE = YES;
				INFOPLIST_FILE = ButtonTapTest/Info.plist;
				INFOPLIST_KEY_UIApplicationSupportsIndirectInputEvents = YES;
				INFOPLIST_KEY_UILaunchStoryboardName = LaunchScreen;
				INFOPLIST_KEY_UIMainStoryboardFile = Main;
				INFOPLIST_KEY_UISupportedInterfaceOrientations_iPad = "UIInterfaceOrientationPortrait UIInterfaceOrientationPortraitUpsideDown UIInterfaceOrientationLandscapeLeft UIInterfaceOrientationLandscapeRight";
				INFOPLIST_KEY_UISupportedInterfaceOrientations_iPhone = "UIInterfaceOrientationPortrait UIInterfaceOrientationLandscapeLeft UIInterfaceOrientationLandscapeRight";
				LD_RUNPATH_SEARCH_PATHS = (
					"$(inherited)",
					"@executable_path/Frameworks",
				);
				MARKETING_VERSION = 1.0;
				PRODUCT_BUNDLE_IDENTIFIER = master.ButtonTapTest;
				PRODUCT_NAME = "$(TARGET_NAME)";
				SWIFT_EMIT_LOC_STRINGS = YES;
				SWIFT_VERSION = 5.0;
				TARGETED_DEVICE_FAMILY = "1,2";
			};
			name = Debug;
		};
		AFED54AE28A403E6002A9402 /* Release */ = {
			isa = XCBuildConfiguration;
			buildSettings = {
				ASSETCATALOG_COMPILER_APPICON_NAME = AppIcon;
				ASSETCATALOG_COMPILER_GLOBAL_ACCENT_COLOR_NAME = AccentColor;
				CODE_SIGN_STYLE = Automatic;
				CURRENT_PROJECT_VERSION = 1;
				GENERATE_INFOPLIST_FILE = YES;
				INFOPLIST_FILE = ButtonTapTest/Info.plist;
				INFOPLIST_KEY_UIApplicationSupportsIndirectInputEvents = YES;
				INFOPLIST_KEY_UILaunchStoryboardName = LaunchScreen;
				INFOPLIST_KEY_UIMainStoryboardFile = Main;
				INFOPLIST_KEY_UISupportedInterfaceOrientations_iPad = "UIInterfaceOrientationPortrait UIInterfaceOrientationPortraitUpsideDown UIInterfaceOrientationLandscapeLeft UIInterfaceOrientationLandscapeRight";
				INFOPLIST_KEY_UISupportedInterfaceOrientations_iPhone = "UIInterfaceOrientationPortrait UIInterfaceOrientationLandscapeLeft UIInterfaceOrientationLandscapeRight";
				LD_RUNPATH_SEARCH_PATHS = (
					"$(inherited)",
					"@executable_path/Frameworks",
				);
				MARKETING_VERSION = 1.0;
				PRODUCT_BUNDLE_IDENTIFIER = master.ButtonTapTest;
				PRODUCT_NAME = "$(TARGET_NAME)";
				SWIFT_EMIT_LOC_STRINGS = YES;
				SWIFT_VERSION = 5.0;
				TARGETED_DEVICE_FAMILY = "1,2";
			};
			name = Release;
		};
		AFED54B028A403E6002A9402 /* Debug */ = {
			isa = XCBuildConfiguration;
			buildSettings = {
				ALWAYS_EMBED_SWIFT_STANDARD_LIBRARIES = YES;
				BUNDLE_LOADER = "$(TEST_HOST)";
				CLANG_ENABLE_MODULES = YES;
				CODE_SIGN_STYLE = Automatic;
				CURRENT_PROJECT_VERSION = 1;
				GENERATE_INFOPLIST_FILE = YES;
				IPHONEOS_DEPLOYMENT_TARGET = 15.4;
				LD_RUNPATH_SEARCH_PATHS = (
					"$(inherited)",
					"@executable_path/Frameworks",
					"@loader_path/Frameworks",
				);
				MARKETING_VERSION = 1.0;
				PRODUCT_BUNDLE_IDENTIFIER = master.ButtonTapTestTests;
				PRODUCT_NAME = "$(TARGET_NAME)";
				SWIFT_EMIT_LOC_STRINGS = NO;
				SWIFT_OPTIMIZATION_LEVEL = "-Onone";
				SWIFT_VERSION = 5.0;
				TARGETED_DEVICE_FAMILY = "1,2";
				TEST_HOST = "$(BUILT_PRODUCTS_DIR)/ButtonTapTest.app/ButtonTapTest";
			};
			name = Debug;
		};
		AFED54B128A403E6002A9402 /* Release */ = {
			isa = XCBuildConfiguration;
			buildSettings = {
				ALWAYS_EMBED_SWIFT_STANDARD_LIBRARIES = YES;
				BUNDLE_LOADER = "$(TEST_HOST)";
				CLANG_ENABLE_MODULES = YES;
				CODE_SIGN_STYLE = Automatic;
				CURRENT_PROJECT_VERSION = 1;
				GENERATE_INFOPLIST_FILE = YES;
				IPHONEOS_DEPLOYMENT_TARGET = 15.4;
				LD_RUNPATH_SEARCH_PATHS = (
					"$(inherited)",
					"@executable_path/Frameworks",
					"@loader_path/Frameworks",
				);
				MARKETING_VERSION = 1.0;
				PRODUCT_BUNDLE_IDENTIFIER = master.ButtonTapTestTests;
				PRODUCT_NAME = "$(TARGET_NAME)";
				SWIFT_EMIT_LOC_STRINGS = NO;
				SWIFT_VERSION = 5.0;
				TARGETED_DEVICE_FAMILY = "1,2";
				TEST_HOST = "$(BUILT_PRODUCTS_DIR)/ButtonTapTest.app/ButtonTapTest";
			};
			name = Release;
		};
/* End XCBuildConfiguration section */

/* Begin XCConfigurationList section */
		AFED547D28A403E3002A9402 /* Build configuration list for PBXProject "ButtonTapTest" */ = {
			isa = XCConfigurationList;
			buildConfigurations = (
				AFED54AA28A403E6002A9402 /* Debug */,
				AFED54AB28A403E6002A9402 /* Release */,
			);
			defaultConfigurationIsVisible = 0;
			defaultConfigurationName = Release;
		};
		AFED54AC28A403E6002A9402 /* Build configuration list for PBXNativeTarget "ButtonTapTest" */ = {
			isa = XCConfigurationList;
			buildConfigurations = (
				AFED54AD28A403E6002A9402 /* Debug */,
				AFED54AE28A403E6002A9402 /* Release */,
			);
			defaultConfigurationIsVisible = 0;
			defaultConfigurationName = Release;
		};
		AFED54AF28A403E6002A9402 /* Build configuration list for PBXNativeTarget "ButtonTapTestTests" */ = {
			isa = XCConfigurationList;
			buildConfigurations = (
				AFED54B028A403E6002A9402 /* Debug */,
				AFED54B128A403E6002A9402 /* Release */,
			);
			defaultConfigurationIsVisible = 0;
			defaultConfigurationName = Release;
		};
/* End XCConfigurationList section */
	};
	rootObject = AFED547A28A403E3002A9402 /* Project object */;
}
