// !$*UTF8*$!
{
	archiveVersion = 1;
	classes = {
	};
	objectVersion = 55;
	objects = {

/* Begin PBXBuildFile section */
		AF8DC18A289C59B200DE23FE /* AppDelegate.swift in Sources */ = {isa = PBXBuildFile; fileRef = AF8DC189289C59B200DE23FE /* AppDelegate.swift */; };
		AF8DC18C289C59B200DE23FE /* SceneDelegate.swift in Sources */ = {isa = PBXBuildFile; fileRef = AF8DC18B289C59B200DE23FE /* SceneDelegate.swift */; };
		AF8DC18E289C59B200DE23FE /* ViewController.swift in Sources */ = {isa = PBXBuildFile; fileRef = AF8DC18D289C59B200DE23FE /* ViewController.swift */; };
		AF8DC191289C59B200DE23FE /* Main.storyboard in Resources */ = {isa = PBXBuildFile; fileRef = AF8DC18F289C59B200DE23FE /* Main.storyboard */; };
		AF8DC193289C59B300DE23FE /* Assets.xcassets in Resources */ = {isa = PBXBuildFile; fileRef = AF8DC192289C59B300DE23FE /* Assets.xcassets */; };
		AF8DC196289C59B300DE23FE /* LaunchScreen.storyboard in Resources */ = {isa = PBXBuildFile; fileRef = AF8DC194289C59B300DE23FE /* LaunchScreen.storyboard */; };
		AF8DC1AB289C59B400DE23FE /* LifeCycleUITests.swift in Sources */ = {isa = PBXBuildFile; fileRef = AF8DC1AA289C59B400DE23FE /* LifeCycleUITests.swift */; };
		AF8DC1AD289C59B400DE23FE /* LifeCycleUITestsLaunchTests.swift in Sources */ = {isa = PBXBuildFile; fileRef = AF8DC1AC289C59B400DE23FE /* LifeCycleUITestsLaunchTests.swift */; };
		AF8DC1BA289C59E700DE23FE /* MyClass.swift in Sources */ = {isa = PBXBuildFile; fileRef = AF8DC1B9289C59E700DE23FE /* MyClass.swift */; };
		AF8DC1BC289C5AB200DE23FE /* MyClassTests.swift in Sources */ = {isa = PBXBuildFile; fileRef = AF8DC1BB289C5AB200DE23FE /* MyClassTests.swift */; };
/* End PBXBuildFile section */

/* Begin PBXContainerItemProxy section */
		AF8DC19D289C59B400DE23FE /* PBXContainerItemProxy */ = {
			isa = PBXContainerItemProxy;
			containerPortal = AF8DC17E289C59B200DE23FE /* Project object */;
			proxyType = 1;
			remoteGlobalIDString = AF8DC185289C59B200DE23FE;
			remoteInfo = LifeCycle;
		};
		AF8DC1A7289C59B400DE23FE /* PBXContainerItemProxy */ = {
			isa = PBXContainerItemProxy;
			containerPortal = AF8DC17E289C59B200DE23FE /* Project object */;
			proxyType = 1;
			remoteGlobalIDString = AF8DC185289C59B200DE23FE;
			remoteInfo = LifeCycle;
		};
/* End PBXContainerItemProxy section */

/* Begin PBXFileReference section */
		AF8DC186289C59B200DE23FE /* LifeCycle.app */ = {isa = PBXFileReference; explicitFileType = wrapper.application; includeInIndex = 0; path = LifeCycle.app; sourceTree = BUILT_PRODUCTS_DIR; };
		AF8DC189289C59B200DE23FE /* AppDelegate.swift */ = {isa = PBXFileReference; lastKnownFileType = sourcecode.swift; path = AppDelegate.swift; sourceTree = "<group>"; };
		AF8DC18B289C59B200DE23FE /* SceneDelegate.swift */ = {isa = PBXFileReference; lastKnownFileType = sourcecode.swift; path = SceneDelegate.swift; sourceTree = "<group>"; };
		AF8DC18D289C59B200DE23FE /* ViewController.swift */ = {isa = PBXFileReference; lastKnownFileType = sourcecode.swift; path = ViewController.swift; sourceTree = "<group>"; };
		AF8DC190289C59B200DE23FE /* Base */ = {isa = PBXFileReference; lastKnownFileType = file.storyboard; name = Base; path = Base.lproj/Main.storyboard; sourceTree = "<group>"; };
		AF8DC192289C59B300DE23FE /* Assets.xcassets */ = {isa = PBXFileReference; lastKnownFileType = folder.assetcatalog; path = Assets.xcassets; sourceTree = "<group>"; };
		AF8DC195289C59B300DE23FE /* Base */ = {isa = PBXFileReference; lastKnownFileType = file.storyboard; name = Base; path = Base.lproj/LaunchScreen.storyboard; sourceTree = "<group>"; };
		AF8DC197289C59B300DE23FE /* Info.plist */ = {isa = PBXFileReference; lastKnownFileType = text.plist.xml; path = Info.plist; sourceTree = "<group>"; };
		AF8DC19C289C59B400DE23FE /* LifeCycleTests.xctest */ = {isa = PBXFileReference; explicitFileType = wrapper.cfbundle; includeInIndex = 0; path = LifeCycleTests.xctest; sourceTree = BUILT_PRODUCTS_DIR; };
		AF8DC1A6289C59B400DE23FE /* LifeCycleUITests.xctest */ = {isa = PBXFileReference; explicitFileType = wrapper.cfbundle; includeInIndex = 0; path = LifeCycleUITests.xctest; sourceTree = BUILT_PRODUCTS_DIR; };
		AF8DC1AA289C59B400DE23FE /* LifeCycleUITests.swift */ = {isa = PBXFileReference; lastKnownFileType = sourcecode.swift; path = LifeCycleUITests.swift; sourceTree = "<group>"; };
		AF8DC1AC289C59B400DE23FE /* LifeCycleUITestsLaunchTests.swift */ = {isa = PBXFileReference; lastKnownFileType = sourcecode.swift; path = LifeCycleUITestsLaunchTests.swift; sourceTree = "<group>"; };
		AF8DC1B9289C59E700DE23FE /* MyClass.swift */ = {isa = PBXFileReference; lastKnownFileType = sourcecode.swift; path = MyClass.swift; sourceTree = "<group>"; };
		AF8DC1BB289C5AB200DE23FE /* MyClassTests.swift */ = {isa = PBXFileReference; lastKnownFileType = sourcecode.swift; path = MyClassTests.swift; sourceTree = "<group>"; };
/* End PBXFileReference section */

/* Begin PBXFrameworksBuildPhase section */
		AF8DC183289C59B200DE23FE /* Frameworks */ = {
			isa = PBXFrameworksBuildPhase;
			buildActionMask = 2147483647;
			files = (
			);
			runOnlyForDeploymentPostprocessing = 0;
		};
		AF8DC199289C59B400DE23FE /* Frameworks */ = {
			isa = PBXFrameworksBuildPhase;
			buildActionMask = 2147483647;
			files = (
			);
			runOnlyForDeploymentPostprocessing = 0;
		};
		AF8DC1A3289C59B400DE23FE /* Frameworks */ = {
			isa = PBXFrameworksBuildPhase;
			buildActionMask = 2147483647;
			files = (
			);
			runOnlyForDeploymentPostprocessing = 0;
		};
/* End PBXFrameworksBuildPhase section */

/* Begin PBXGroup section */
		AF8DC17D289C59B200DE23FE = {
			isa = PBXGroup;
			children = (
				AF8DC188289C59B200DE23FE /* LifeCycle */,
				AF8DC19F289C59B400DE23FE /* LifeCycleTests */,
				AF8DC1A9289C59B400DE23FE /* LifeCycleUITests */,
				AF8DC187289C59B200DE23FE /* Products */,
			);
			sourceTree = "<group>";
		};
		AF8DC187289C59B200DE23FE /* Products */ = {
			isa = PBXGroup;
			children = (
				AF8DC186289C59B200DE23FE /* LifeCycle.app */,
				AF8DC19C289C59B400DE23FE /* LifeCycleTests.xctest */,
				AF8DC1A6289C59B400DE23FE /* LifeCycleUITests.xctest */,
			);
			name = Products;
			sourceTree = "<group>";
		};
		AF8DC188289C59B200DE23FE /* LifeCycle */ = {
			isa = PBXGroup;
			children = (
				AF8DC189289C59B200DE23FE /* AppDelegate.swift */,
				AF8DC18B289C59B200DE23FE /* SceneDelegate.swift */,
				AF8DC18D289C59B200DE23FE /* ViewController.swift */,
				AF8DC18F289C59B200DE23FE /* Main.storyboard */,
				AF8DC192289C59B300DE23FE /* Assets.xcassets */,
				AF8DC194289C59B300DE23FE /* LaunchScreen.storyboard */,
				AF8DC197289C59B300DE23FE /* Info.plist */,
				AF8DC1B9289C59E700DE23FE /* MyClass.swift */,
			);
			path = LifeCycle;
			sourceTree = "<group>";
		};
		AF8DC19F289C59B400DE23FE /* LifeCycleTests */ = {
			isa = PBXGroup;
			children = (
				AF8DC1BB289C5AB200DE23FE /* MyClassTests.swift */,
			);
			path = LifeCycleTests;
			sourceTree = "<group>";
		};
		AF8DC1A9289C59B400DE23FE /* LifeCycleUITests */ = {
			isa = PBXGroup;
			children = (
				AF8DC1AA289C59B400DE23FE /* LifeCycleUITests.swift */,
				AF8DC1AC289C59B400DE23FE /* LifeCycleUITestsLaunchTests.swift */,
			);
			path = LifeCycleUITests;
			sourceTree = "<group>";
		};
/* End PBXGroup section */

/* Begin PBXNativeTarget section */
		AF8DC185289C59B200DE23FE /* LifeCycle */ = {
			isa = PBXNativeTarget;
			buildConfigurationList = AF8DC1B0289C59B400DE23FE /* Build configuration list for PBXNativeTarget "LifeCycle" */;
			buildPhases = (
				AF8DC182289C59B200DE23FE /* Sources */,
				AF8DC183289C59B200DE23FE /* Frameworks */,
				AF8DC184289C59B200DE23FE /* Resources */,
			);
			buildRules = (
			);
			dependencies = (
			);
			name = LifeCycle;
			productName = LifeCycle;
			productReference = AF8DC186289C59B200DE23FE /* LifeCycle.app */;
			productType = "com.apple.product-type.application";
		};
		AF8DC19B289C59B400DE23FE /* LifeCycleTests */ = {
			isa = PBXNativeTarget;
			buildConfigurationList = AF8DC1B3289C59B400DE23FE /* Build configuration list for PBXNativeTarget "LifeCycleTests" */;
			buildPhases = (
				AF8DC198289C59B400DE23FE /* Sources */,
				AF8DC199289C59B400DE23FE /* Frameworks */,
				AF8DC19A289C59B400DE23FE /* Resources */,
			);
			buildRules = (
			);
			dependencies = (
				AF8DC19E289C59B400DE23FE /* PBXTargetDependency */,
			);
			name = LifeCycleTests;
			productName = LifeCycleTests;
			productReference = AF8DC19C289C59B400DE23FE /* LifeCycleTests.xctest */;
			productType = "com.apple.product-type.bundle.unit-test";
		};
		AF8DC1A5289C59B400DE23FE /* LifeCycleUITests */ = {
			isa = PBXNativeTarget;
			buildConfigurationList = AF8DC1B6289C59B400DE23FE /* Build configuration list for PBXNativeTarget "LifeCycleUITests" */;
			buildPhases = (
				AF8DC1A2289C59B400DE23FE /* Sources */,
				AF8DC1A3289C59B400DE23FE /* Frameworks */,
				AF8DC1A4289C59B400DE23FE /* Resources */,
			);
			buildRules = (
			);
			dependencies = (
				AF8DC1A8289C59B400DE23FE /* PBXTargetDependency */,
			);
			name = LifeCycleUITests;
			productName = LifeCycleUITests;
			productReference = AF8DC1A6289C59B400DE23FE /* LifeCycleUITests.xctest */;
			productType = "com.apple.product-type.bundle.ui-testing";
		};
/* End PBXNativeTarget section */

/* Begin PBXProject section */
		AF8DC17E289C59B200DE23FE /* Project object */ = {
			isa = PBXProject;
			attributes = {
				BuildIndependentTargetsInParallel = 1;
				LastSwiftUpdateCheck = 1330;
				LastUpgradeCheck = 1330;
				TargetAttributes = {
					AF8DC185289C59B200DE23FE = {
						CreatedOnToolsVersion = 13.3;
					};
					AF8DC19B289C59B400DE23FE = {
						CreatedOnToolsVersion = 13.3;
						TestTargetID = AF8DC185289C59B200DE23FE;
					};
					AF8DC1A5289C59B400DE23FE = {
						CreatedOnToolsVersion = 13.3;
						TestTargetID = AF8DC185289C59B200DE23FE;
					};
				};
			};
			buildConfigurationList = AF8DC181289C59B200DE23FE /* Build configuration list for PBXProject "LifeCycle" */;
			compatibilityVersion = "Xcode 13.0";
			developmentRegion = en;
			hasScannedForEncodings = 0;
			knownRegions = (
				en,
				Base,
			);
			mainGroup = AF8DC17D289C59B200DE23FE;
			productRefGroup = AF8DC187289C59B200DE23FE /* Products */;
			projectDirPath = "";
			projectRoot = "";
			targets = (
				AF8DC185289C59B200DE23FE /* LifeCycle */,
				AF8DC19B289C59B400DE23FE /* LifeCycleTests */,
				AF8DC1A5289C59B400DE23FE /* LifeCycleUITests */,
			);
		};
/* End PBXProject section */

/* Begin PBXResourcesBuildPhase section */
		AF8DC184289C59B200DE23FE /* Resources */ = {
			isa = PBXResourcesBuildPhase;
			buildActionMask = 2147483647;
			files = (
				AF8DC196289C59B300DE23FE /* LaunchScreen.storyboard in Resources */,
				AF8DC193289C59B300DE23FE /* Assets.xcassets in Resources */,
				AF8DC191289C59B200DE23FE /* Main.storyboard in Resources */,
			);
			runOnlyForDeploymentPostprocessing = 0;
		};
		AF8DC19A289C59B400DE23FE /* Resources */ = {
			isa = PBXResourcesBuildPhase;
			buildActionMask = 2147483647;
			files = (
			);
			runOnlyForDeploymentPostprocessing = 0;
		};
		AF8DC1A4289C59B400DE23FE /* Resources */ = {
			isa = PBXResourcesBuildPhase;
			buildActionMask = 2147483647;
			files = (
			);
			runOnlyForDeploymentPostprocessing = 0;
		};
/* End PBXResourcesBuildPhase section */

/* Begin PBXSourcesBuildPhase section */
		AF8DC182289C59B200DE23FE /* Sources */ = {
			isa = PBXSourcesBuildPhase;
			buildActionMask = 2147483647;
			files = (
				AF8DC1BA289C59E700DE23FE /* MyClass.swift in Sources */,
				AF8DC18E289C59B200DE23FE /* ViewController.swift in Sources */,
				AF8DC18A289C59B200DE23FE /* AppDelegate.swift in Sources */,
				AF8DC18C289C59B200DE23FE /* SceneDelegate.swift in Sources */,
			);
			runOnlyForDeploymentPostprocessing = 0;
		};
		AF8DC198289C59B400DE23FE /* Sources */ = {
			isa = PBXSourcesBuildPhase;
			buildActionMask = 2147483647;
			files = (
				AF8DC1BC289C5AB200DE23FE /* MyClassTests.swift in Sources */,
			);
			runOnlyForDeploymentPostprocessing = 0;
		};
		AF8DC1A2289C59B400DE23FE /* Sources */ = {
			isa = PBXSourcesBuildPhase;
			buildActionMask = 2147483647;
			files = (
				AF8DC1AB289C59B400DE23FE /* LifeCycleUITests.swift in Sources */,
				AF8DC1AD289C59B400DE23FE /* LifeCycleUITestsLaunchTests.swift in Sources */,
			);
			runOnlyForDeploymentPostprocessing = 0;
		};
/* End PBXSourcesBuildPhase section */

/* Begin PBXTargetDependency section */
		AF8DC19E289C59B400DE23FE /* PBXTargetDependency */ = {
			isa = PBXTargetDependency;
			target = AF8DC185289C59B200DE23FE /* LifeCycle */;
			targetProxy = AF8DC19D289C59B400DE23FE /* PBXContainerItemProxy */;
		};
		AF8DC1A8289C59B400DE23FE /* PBXTargetDependency */ = {
			isa = PBXTargetDependency;
			target = AF8DC185289C59B200DE23FE /* LifeCycle */;
			targetProxy = AF8DC1A7289C59B400DE23FE /* PBXContainerItemProxy */;
		};
/* End PBXTargetDependency section */

/* Begin PBXVariantGroup section */
		AF8DC18F289C59B200DE23FE /* Main.storyboard */ = {
			isa = PBXVariantGroup;
			children = (
				AF8DC190289C59B200DE23FE /* Base */,
			);
			name = Main.storyboard;
			sourceTree = "<group>";
		};
		AF8DC194289C59B300DE23FE /* LaunchScreen.storyboard */ = {
			isa = PBXVariantGroup;
			children = (
				AF8DC195289C59B300DE23FE /* Base */,
			);
			name = LaunchScreen.storyboard;
			sourceTree = "<group>";
		};
/* End PBXVariantGroup section */

/* Begin XCBuildConfiguration section */
		AF8DC1AE289C59B400DE23FE /* Debug */ = {
			isa = XCBuildConfiguration;
			buildSettings = {
				ALWAYS_SEARCH_USER_PATHS = NO;
				CLANG_ANALYZER_NONNULL = YES;
				CLANG_ANALYZER_NUMBER_OBJECT_CONVERSION = YES_AGGRESSIVE;
				CLANG_CXX_LANGUAGE_STANDARD = "gnu++17";
				CLANG_ENABLE_MODULES = YES;
				CLANG_ENABLE_OBJC_ARC = YES;
				CLANG_ENABLE_OBJC_WEAK = YES;
				CLANG_WARN_BLOCK_CAPTURE_AUTORELEASING = YES;
				CLANG_WARN_BOOL_CONVERSION = YES;
				CLANG_WARN_COMMA = YES;
				CLANG_WARN_CONSTANT_CONVERSION = YES;
				CLANG_WARN_DEPRECATED_OBJC_IMPLEMENTATIONS = YES;
				CLANG_WARN_DIRECT_OBJC_ISA_USAGE = YES_ERROR;
				CLANG_WARN_DOCUMENTATION_COMMENTS = YES;
				CLANG_WARN_EMPTY_BODY = YES;
				CLANG_WARN_ENUM_CONVERSION = YES;
				CLANG_WARN_INFINITE_RECURSION = YES;
				CLANG_WARN_INT_CONVERSION = YES;
				CLANG_WARN_NON_LITERAL_NULL_CONVERSION = YES;
				CLANG_WARN_OBJC_IMPLICIT_RETAIN_SELF = YES;
				CLANG_WARN_OBJC_LITERAL_CONVERSION = YES;
				CLANG_WARN_OBJC_ROOT_CLASS = YES_ERROR;
				CLANG_WARN_QUOTED_INCLUDE_IN_FRAMEWORK_HEADER = YES;
				CLANG_WARN_RANGE_LOOP_ANALYSIS = YES;
				CLANG_WARN_STRICT_PROTOTYPES = YES;
				CLANG_WARN_SUSPICIOUS_MOVE = YES;
				CLANG_WARN_UNGUARDED_AVAILABILITY = YES_AGGRESSIVE;
				CLANG_WARN_UNREACHABLE_CODE = YES;
				CLANG_WARN__DUPLICATE_METHOD_MATCH = YES;
				COPY_PHASE_STRIP = NO;
				DEBUG_INFORMATION_FORMAT = dwarf;
				ENABLE_STRICT_OBJC_MSGSEND = YES;
				ENABLE_TESTABILITY = YES;
				GCC_C_LANGUAGE_STANDARD = gnu11;
				GCC_DYNAMIC_NO_PIC = NO;
				GCC_NO_COMMON_BLOCKS = YES;
				GCC_OPTIMIZATION_LEVEL = 0;
				GCC_PREPROCESSOR_DEFINITIONS = (
					"DEBUG=1",
					"$(inherited)",
				);
				GCC_WARN_64_TO_32_BIT_CONVERSION = YES;
				GCC_WARN_ABOUT_RETURN_TYPE = YES_ERROR;
				GCC_WARN_UNDECLARED_SELECTOR = YES;
				GCC_WARN_UNINITIALIZED_AUTOS = YES_AGGRESSIVE;
				GCC_WARN_UNUSED_FUNCTION = YES;
				GCC_WARN_UNUSED_VARIABLE = YES;
				IPHONEOS_DEPLOYMENT_TARGET = 15.4;
				MTL_ENABLE_DEBUG_INFO = INCLUDE_SOURCE;
				MTL_FAST_MATH = YES;
				ONLY_ACTIVE_ARCH = YES;
				SDKROOT = iphoneos;
				SWIFT_ACTIVE_COMPILATION_CONDITIONS = DEBUG;
				SWIFT_OPTIMIZATION_LEVEL = "-Onone";
			};
			name = Debug;
		};
		AF8DC1AF289C59B400DE23FE /* Release */ = {
			isa = XCBuildConfiguration;
			buildSettings = {
				ALWAYS_SEARCH_USER_PATHS = NO;
				CLANG_ANALYZER_NONNULL = YES;
				CLANG_ANALYZER_NUMBER_OBJECT_CONVERSION = YES_AGGRESSIVE;
				CLANG_CXX_LANGUAGE_STANDARD = "gnu++17";
				CLANG_ENABLE_MODULES = YES;
				CLANG_ENABLE_OBJC_ARC = YES;
				CLANG_ENABLE_OBJC_WEAK = YES;
				CLANG_WARN_BLOCK_CAPTURE_AUTORELEASING = YES;
				CLANG_WARN_BOOL_CONVERSION = YES;
				CLANG_WARN_COMMA = YES;
				CLANG_WARN_CONSTANT_CONVERSION = YES;
				CLANG_WARN_DEPRECATED_OBJC_IMPLEMENTATIONS = YES;
				CLANG_WARN_DIRECT_OBJC_ISA_USAGE = YES_ERROR;
				CLANG_WARN_DOCUMENTATION_COMMENTS = YES;
				CLANG_WARN_EMPTY_BODY = YES;
				CLANG_WARN_ENUM_CONVERSION = YES;
				CLANG_WARN_INFINITE_RECURSION = YES;
				CLANG_WARN_INT_CONVERSION = YES;
				CLANG_WARN_NON_LITERAL_NULL_CONVERSION = YES;
				CLANG_WARN_OBJC_IMPLICIT_RETAIN_SELF = YES;
				CLANG_WARN_OBJC_LITERAL_CONVERSION = YES;
				CLANG_WARN_OBJC_ROOT_CLASS = YES_ERROR;
				CLANG_WARN_QUOTED_INCLUDE_IN_FRAMEWORK_HEADER = YES;
				CLANG_WARN_RANGE_LOOP_ANALYSIS = YES;
				CLANG_WARN_STRICT_PROTOTYPES = YES;
				CLANG_WARN_SUSPICIOUS_MOVE = YES;
				CLANG_WARN_UNGUARDED_AVAILABILITY = YES_AGGRESSIVE;
				CLANG_WARN_UNREACHABLE_CODE = YES;
				CLANG_WARN__DUPLICATE_METHOD_MATCH = YES;
				COPY_PHASE_STRIP = NO;
				DEBUG_INFORMATION_FORMAT = "dwarf-with-dsym";
				ENABLE_NS_ASSERTIONS = NO;
				ENABLE_STRICT_OBJC_MSGSEND = YES;
				GCC_C_LANGUAGE_STANDARD = gnu11;
				GCC_NO_COMMON_BLOCKS = YES;
				GCC_WARN_64_TO_32_BIT_CONVERSION = YES;
				GCC_WARN_ABOUT_RETURN_TYPE = YES_ERROR;
				GCC_WARN_UNDECLARED_SELECTOR = YES;
				GCC_WARN_UNINITIALIZED_AUTOS = YES_AGGRESSIVE;
				GCC_WARN_UNUSED_FUNCTION = YES;
				GCC_WARN_UNUSED_VARIABLE = YES;
				IPHONEOS_DEPLOYMENT_TARGET = 15.4;
				MTL_ENABLE_DEBUG_INFO = NO;
				MTL_FAST_MATH = YES;
				SDKROOT = iphoneos;
				SWIFT_COMPILATION_MODE = wholemodule;
				SWIFT_OPTIMIZATION_LEVEL = "-O";
				VALIDATE_PRODUCT = YES;
			};
			name = Release;
		};
		AF8DC1B1289C59B400DE23FE /* Debug */ = {
			isa = XCBuildConfiguration;
			buildSettings = {
				ASSETCATALOG_COMPILER_APPICON_NAME = AppIcon;
				ASSETCATALOG_COMPILER_GLOBAL_ACCENT_COLOR_NAME = AccentColor;
				CODE_SIGN_STYLE = Automatic;
				CURRENT_PROJECT_VERSION = 1;
				GENERATE_INFOPLIST_FILE = YES;
				INFOPLIST_FILE = LifeCycle/Info.plist;
				INFOPLIST_KEY_UIApplicationSupportsIndirectInputEvents = YES;
				INFOPLIST_KEY_UILaunchStoryboardName = LaunchScreen;
				INFOPLIST_KEY_UIMainStoryboardFile = Main;
				INFOPLIST_KEY_UISupportedInterfaceOrientations_iPad = "UIInterfaceOrientationPortrait UIInterfaceOrientationPortraitUpsideDown UIInterfaceOrientationLandscapeLeft UIInterfaceOrientationLandscapeRight";
				INFOPLIST_KEY_UISupportedInterfaceOrientations_iPhone = "UIInterfaceOrientationPortrait UIInterfaceOrientationLandscapeLeft UIInterfaceOrientationLandscapeRight";
				LD_RUNPATH_SEARCH_PATHS = (
					"$(inherited)",
					"@executable_path/Frameworks",
				);
				MARKETING_VERSION = 1.0;
				PRODUCT_BUNDLE_IDENTIFIER = master.LifeCycle;
				PRODUCT_NAME = "$(TARGET_NAME)";
				SWIFT_EMIT_LOC_STRINGS = YES;
				SWIFT_VERSION = 5.0;
				TARGETED_DEVICE_FAMILY = "1,2";
			};
			name = Debug;
		};
		AF8DC1B2289C59B400DE23FE /* Release */ = {
			isa = XCBuildConfiguration;
			buildSettings = {
				ASSETCATALOG_COMPILER_APPICON_NAME = AppIcon;
				ASSETCATALOG_COMPILER_GLOBAL_ACCENT_COLOR_NAME = AccentColor;
				CODE_SIGN_STYLE = Automatic;
				CURRENT_PROJECT_VERSION = 1;
				GENERATE_INFOPLIST_FILE = YES;
				INFOPLIST_FILE = LifeCycle/Info.plist;
				INFOPLIST_KEY_UIApplicationSupportsIndirectInputEvents = YES;
				INFOPLIST_KEY_UILaunchStoryboardName = LaunchScreen;
				INFOPLIST_KEY_UIMainStoryboardFile = Main;
				INFOPLIST_KEY_UISupportedInterfaceOrientations_iPad = "UIInterfaceOrientationPortrait UIInterfaceOrientationPortraitUpsideDown UIInterfaceOrientationLandscapeLeft UIInterfaceOrientationLandscapeRight";
				INFOPLIST_KEY_UISupportedInterfaceOrientations_iPhone = "UIInterfaceOrientationPortrait UIInterfaceOrientationLandscapeLeft UIInterfaceOrientationLandscapeRight";
				LD_RUNPATH_SEARCH_PATHS = (
					"$(inherited)",
					"@executable_path/Frameworks",
				);
				MARKETING_VERSION = 1.0;
				PRODUCT_BUNDLE_IDENTIFIER = master.LifeCycle;
				PRODUCT_NAME = "$(TARGET_NAME)";
				SWIFT_EMIT_LOC_STRINGS = YES;
				SWIFT_VERSION = 5.0;
				TARGETED_DEVICE_FAMILY = "1,2";
			};
			name = Release;
		};
		AF8DC1B4289C59B400DE23FE /* Debug */ = {
			isa = XCBuildConfiguration;
			buildSettings = {
				ALWAYS_EMBED_SWIFT_STANDARD_LIBRARIES = YES;
				BUNDLE_LOADER = "$(TEST_HOST)";
				CODE_SIGN_STYLE = Automatic;
				CURRENT_PROJECT_VERSION = 1;
				GENERATE_INFOPLIST_FILE = YES;
				IPHONEOS_DEPLOYMENT_TARGET = 15.4;
				MARKETING_VERSION = 1.0;
				PRODUCT_BUNDLE_IDENTIFIER = master.LifeCycleTests;
				PRODUCT_NAME = "$(TARGET_NAME)";
				SWIFT_EMIT_LOC_STRINGS = NO;
				SWIFT_VERSION = 5.0;
				TARGETED_DEVICE_FAMILY = "1,2";
				TEST_HOST = "$(BUILT_PRODUCTS_DIR)/LifeCycle.app/LifeCycle";
			};
			name = Debug;
		};
		AF8DC1B5289C59B400DE23FE /* Release */ = {
			isa = XCBuildConfiguration;
			buildSettings = {
				ALWAYS_EMBED_SWIFT_STANDARD_LIBRARIES = YES;
				BUNDLE_LOADER = "$(TEST_HOST)";
				CODE_SIGN_STYLE = Automatic;
				CURRENT_PROJECT_VERSION = 1;
				GENERATE_INFOPLIST_FILE = YES;
				IPHONEOS_DEPLOYMENT_TARGET = 15.4;
				MARKETING_VERSION = 1.0;
				PRODUCT_BUNDLE_IDENTIFIER = master.LifeCycleTests;
				PRODUCT_NAME = "$(TARGET_NAME)";
				SWIFT_EMIT_LOC_STRINGS = NO;
				SWIFT_VERSION = 5.0;
				TARGETED_DEVICE_FAMILY = "1,2";
				TEST_HOST = "$(BUILT_PRODUCTS_DIR)/LifeCycle.app/LifeCycle";
			};
			name = Release;
		};
		AF8DC1B7289C59B400DE23FE /* Debug */ = {
			isa = XCBuildConfiguration;
			buildSettings = {
				ALWAYS_EMBED_SWIFT_STANDARD_LIBRARIES = YES;
				CODE_SIGN_STYLE = Automatic;
				CURRENT_PROJECT_VERSION = 1;
				GENERATE_INFOPLIST_FILE = YES;
				MARKETING_VERSION = 1.0;
				PRODUCT_BUNDLE_IDENTIFIER = master.LifeCycleUITests;
				PRODUCT_NAME = "$(TARGET_NAME)";
				SWIFT_EMIT_LOC_STRINGS = NO;
				SWIFT_VERSION = 5.0;
				TARGETED_DEVICE_FAMILY = "1,2";
				TEST_TARGET_NAME = LifeCycle;
			};
			name = Debug;
		};
		AF8DC1B8289C59B400DE23FE /* Release */ = {
			isa = XCBuildConfiguration;
			buildSettings = {
				ALWAYS_EMBED_SWIFT_STANDARD_LIBRARIES = YES;
				CODE_SIGN_STYLE = Automatic;
				CURRENT_PROJECT_VERSION = 1;
				GENERATE_INFOPLIST_FILE = YES;
				MARKETING_VERSION = 1.0;
				PRODUCT_BUNDLE_IDENTIFIER = master.LifeCycleUITests;
				PRODUCT_NAME = "$(TARGET_NAME)";
				SWIFT_EMIT_LOC_STRINGS = NO;
				SWIFT_VERSION = 5.0;
				TARGETED_DEVICE_FAMILY = "1,2";
				TEST_TARGET_NAME = LifeCycle;
			};
			name = Release;
		};
/* End XCBuildConfiguration section */

/* Begin XCConfigurationList section */
		AF8DC181289C59B200DE23FE /* Build configuration list for PBXProject "LifeCycle" */ = {
			isa = XCConfigurationList;
			buildConfigurations = (
				AF8DC1AE289C59B400DE23FE /* Debug */,
				AF8DC1AF289C59B400DE23FE /* Release */,
			);
			defaultConfigurationIsVisible = 0;
			defaultConfigurationName = Release;
		};
		AF8DC1B0289C59B400DE23FE /* Build configuration list for PBXNativeTarget "LifeCycle" */ = {
			isa = XCConfigurationList;
			buildConfigurations = (
				AF8DC1B1289C59B400DE23FE /* Debug */,
				AF8DC1B2289C59B400DE23FE /* Release */,
			);
			defaultConfigurationIsVisible = 0;
			defaultConfigurationName = Release;
		};
		AF8DC1B3289C59B400DE23FE /* Build configuration list for PBXNativeTarget "LifeCycleTests" */ = {
			isa = XCConfigurationList;
			buildConfigurations = (
				AF8DC1B4289C59B400DE23FE /* Debug */,
				AF8DC1B5289C59B400DE23FE /* Release */,
			);
			defaultConfigurationIsVisible = 0;
			defaultConfigurationName = Release;
		};
		AF8DC1B6289C59B400DE23FE /* Build configuration list for PBXNativeTarget "LifeCycleUITests" */ = {
			isa = XCConfigurationList;
			buildConfigurations = (
				AF8DC1B7289C59B400DE23FE /* Debug */,
				AF8DC1B8289C59B400DE23FE /* Release */,
			);
			defaultConfigurationIsVisible = 0;
			defaultConfigurationName = Release;
		};
/* End XCConfigurationList section */
	};
	rootObject = AF8DC17E289C59B200DE23FE /* Project object */;
}
